<?xml version="1.0" encoding="utf-8"?>
<Project ToolsVersion="4.0" xmlns="http://schemas.microsoft.com/developer/msbuild/2003">
  <ItemGroup>
    <Filter Include="cocos2d-x">
      <UniqueIdentifier>{34c4601e-403d-4fee-ab65-30178424db2d}</UniqueIdentifier>
    </Filter>
    <Filter Include="cocos2d-x\scripting">
      <UniqueIdentifier>{d7229a83-70ec-42a9-92cd-359352bea614}</UniqueIdentifier>
    </Filter>
    <Filter Include="cocos2d-x\spine">
      <UniqueIdentifier>{8f7f20d3-6f2f-43d1-a466-4d3fad8f5ad0}</UniqueIdentifier>
    </Filter>
    <Filter Include="cocos2d-x\spine\spine">
      <UniqueIdentifier>{44c81421-1a3a-42bf-85e3-71e755da942d}</UniqueIdentifier>
    </Filter>
    <Filter Include="cocos2d-x\imgui">
      <UniqueIdentifier>{e5f60949-25c1-4b78-a48d-0b22ad2d372c}</UniqueIdentifier>
    </Filter>
    <Filter Include="cocos2d-x\imgui\imgui">
      <UniqueIdentifier>{f1441cb5-014c-4c10-9c6d-3f8f33073ae1}</UniqueIdentifier>
    </Filter>
    <Filter Include="cocos2d-x\scripting\lua">
      <UniqueIdentifier>{cd2b7f64-fefc-4047-b104-4ed29a5ff67a}</UniqueIdentifier>
    </Filter>
    <Filter Include="cocos2d-x\scripting\tolua">
      <UniqueIdentifier>{be8a1f79-a35b-44ef-b1fb-ffd8cf00765b}</UniqueIdentifier>
    </Filter>
    <Filter Include="cocos2d-x\scripting\lua_extensions">
      <UniqueIdentifier>{4969b69d-8131-46c9-9749-277cddb71b6e}</UniqueIdentifier>
    </Filter>
    <Filter Include="cocos2d-x\scripting\lua_extensions\cjson">
      <UniqueIdentifier>{29201c7c-86a6-4fb0-a8ec-acddb0f8d76c}</UniqueIdentifier>
    </Filter>
    <Filter Include="cocos2d-x\scripting\lua_extensions\debugger">
      <UniqueIdentifier>{78dc9a1f-79d5-4a59-ad3a-29ecd7db14b2}</UniqueIdentifier>
    </Filter>
    <Filter Include="cocos2d-x\scripting\lua_extensions\filesystem">
      <UniqueIdentifier>{4b5623f5-239c-437a-bebd-24df16379ccc}</UniqueIdentifier>
    </Filter>
    <Filter Include="cocos2d-x\scripting\lua_extensions\lpack">
      <UniqueIdentifier>{c5105902-47b1-4c79-bf77-a4488c0b8e51}</UniqueIdentifier>
    </Filter>
    <Filter Include="cocos2d-x\scripting\lua_extensions\lsqlite3">
      <UniqueIdentifier>{13514e84-452e-43a0-9d26-c7216e4a6076}</UniqueIdentifier>
    </Filter>
    <Filter Include="cocos2d-x\scripting\lua_extensions\socket">
      <UniqueIdentifier>{46e954c0-e594-44c9-880f-9f335b0f1af9}</UniqueIdentifier>
    </Filter>
    <Filter Include="cocos2d-x\scripting\lua_extensions\zlib">
      <UniqueIdentifier>{80b3ac20-64c5-4ef4-85f2-91db4fbbfd23}</UniqueIdentifier>
    </Filter>
    <Filter Include="cocos2d-x\network">
      <UniqueIdentifier>{6b1129bc-5677-49f5-bc68-f3ea24f1ebaa}</UniqueIdentifier>
    </Filter>
    <Filter Include="cocos2d-x\ui">
      <UniqueIdentifier>{b7bdac3a-8bc6-4387-8ab4-85456e918034}</UniqueIdentifier>
    </Filter>
    <Filter Include="cocos2d-x\ui\EditBox">
      <UniqueIdentifier>{0156f111-80f2-4b44-9901-64a8cd3a51b4}</UniqueIdentifier>
    </Filter>
    <Filter Include="cocos2d-x\ui\Layouts">
      <UniqueIdentifier>{a847427b-cebe-436e-b0f2-3c4d4867ada2}</UniqueIdentifier>
    </Filter>
    <Filter Include="cocos2d-x\ui\ScrollWidget">
      <UniqueIdentifier>{2594e086-9ac7-440b-8be9-c516a12084ff}</UniqueIdentifier>
    </Filter>
    <Filter Include="cocos2d-x\ui\webview">
      <UniqueIdentifier>{28721228-0f73-46b8-9bf7-e4fa3d30596d}</UniqueIdentifier>
    </Filter>
    <Filter Include="cocos2d-x\audio">
      <UniqueIdentifier>{e106b45e-af51-47c3-a675-4bc281bbcf34}</UniqueIdentifier>
    </Filter>
    <Filter Include="cocos2d-x\tilemap">
      <UniqueIdentifier>{e5333938-29a1-46ab-b639-2dff0b95ccfe}</UniqueIdentifier>
    </Filter>
    <Filter Include="cocos2d-x\particle">
      <UniqueIdentifier>{364583ba-a74d-46a4-bd7f-e2e13d317888}</UniqueIdentifier>
    </Filter>
    <Filter Include="cocos2d-x\core">
      <UniqueIdentifier>{e9c710c9-00d1-4490-a9f8-0a3106251521}</UniqueIdentifier>
    </Filter>
    <Filter Include="cocos2d-x\core\base">
      <UniqueIdentifier>{eddd423f-f4a1-45bf-b42a-9a560c2b3080}</UniqueIdentifier>
    </Filter>
    <Filter Include="cocos2d-x\core\base_nodes">
      <UniqueIdentifier>{aba578dd-c626-4c70-bd47-593d8d6e7e8a}</UniqueIdentifier>
    </Filter>
    <Filter Include="cocos2d-x\core\cocoa">
      <UniqueIdentifier>{136bbd26-dbca-44f6-85a9-dd0ce37bfd57}</UniqueIdentifier>
    </Filter>
    <Filter Include="cocos2d-x\core\crypto">
      <UniqueIdentifier>{d00ce798-f871-4724-9b0b-96dcce74d520}</UniqueIdentifier>
    </Filter>
    <Filter Include="cocos2d-x\core\draw_nodes">
      <UniqueIdentifier>{1b24f056-e2a6-4f4c-92a5-9a3c1cb8a7e9}</UniqueIdentifier>
    </Filter>
    <Filter Include="cocos2d-x\core\effects">
      <UniqueIdentifier>{85b14f7b-4086-458d-b4ae-4e8662f2ccc6}</UniqueIdentifier>
    </Filter>
    <Filter Include="cocos2d-x\core\IO">
      <UniqueIdentifier>{d0e19fdf-ba85-4d9b-9d4f-0e756b4e0626}</UniqueIdentifier>
    </Filter>
    <Filter Include="cocos2d-x\core\kazmath">
      <UniqueIdentifier>{67a51e0b-01b9-4693-93e3-33707006f10e}</UniqueIdentifier>
    </Filter>
    <Filter Include="cocos2d-x\core\label_nodes">
      <UniqueIdentifier>{e9405f1d-527a-4f26-9e6c-000ac2f5d8ed}</UniqueIdentifier>
    </Filter>
    <Filter Include="cocos2d-x\core\layers_scenes_transitions_nodes">
      <UniqueIdentifier>{12b49141-2852-48b1-b22e-3a30af30c141}</UniqueIdentifier>
    </Filter>
    <Filter Include="cocos2d-x\core\misc_nodes">
      <UniqueIdentifier>{19a5f6d8-b794-4c75-9a4d-9687205e7cca}</UniqueIdentifier>
    </Filter>
    <Filter Include="cocos2d-x\core\platform">
      <UniqueIdentifier>{8b7ac836-66ee-41b4-8105-63db9753e4f8}</UniqueIdentifier>
    </Filter>
    <Filter Include="cocos2d-x\core\platform\win32">
      <UniqueIdentifier>{8e5f3063-8120-433b-9179-b20ea1e29c98}</UniqueIdentifier>
    </Filter>
    <Filter Include="cocos2d-x\core\script_support">
      <UniqueIdentifier>{ba22a5f7-e023-4eb8-9616-645c91c09646}</UniqueIdentifier>
    </Filter>
    <Filter Include="cocos2d-x\core\shaders">
      <UniqueIdentifier>{ff9d0380-5d71-45cf-b469-b53f050834b7}</UniqueIdentifier>
    </Filter>
    <Filter Include="cocos2d-x\core\sprite_nodes">
      <UniqueIdentifier>{613f014a-69e2-4c48-8ea0-9fc3237f05c2}</UniqueIdentifier>
    </Filter>
    <Filter Include="cocos2d-x\core\support">
      <UniqueIdentifier>{f37de488-b642-46a1-9f95-a00fe1dc2515}</UniqueIdentifier>
    </Filter>
    <Filter Include="cocos2d-x\core\textures">
      <UniqueIdentifier>{d7a5d7b1-3920-4034-a2d7-ab6db6ed7ef0}</UniqueIdentifier>
    </Filter>
    <Filter Include="cocos2d-x\core\touch_dispatcher">
      <UniqueIdentifier>{18016967-90e4-4a41-bd5a-1bc765024caf}</UniqueIdentifier>
    </Filter>
    <Filter Include="cocos2d-x\core\support\component">
      <UniqueIdentifier>{1e00a4bd-90f0-4a20-b501-4a4aad0916da}</UniqueIdentifier>
    </Filter>
    <Filter Include="cocos2d-x\core\support\data_support">
      <UniqueIdentifier>{c4f162d8-b946-4e98-9a60-5aba47c6f3fc}</UniqueIdentifier>
    </Filter>
    <Filter Include="cocos2d-x\core\support\image_support">
      <UniqueIdentifier>{7760a1eb-474d-4572-8d88-d926406050f7}</UniqueIdentifier>
    </Filter>
    <Filter Include="cocos2d-x\core\support\tinyxml2">
      <UniqueIdentifier>{fb823cd5-7ff1-43eb-b060-ed24a3da772a}</UniqueIdentifier>
    </Filter>
    <Filter Include="cocos2d-x\core\support\user_default">
      <UniqueIdentifier>{ea137a3e-d00d-4a77-8999-233fd8fc116d}</UniqueIdentifier>
    </Filter>
    <Filter Include="cocos2d-x\core\support\zip_support">
      <UniqueIdentifier>{e5135e5d-4498-4d94-a86d-7b97d0dd379b}</UniqueIdentifier>
    </Filter>
    <Filter Include="cocos2d-x\actions">
      <UniqueIdentifier>{94c6d68f-e337-4e71-90a4-204c95f9e0aa}</UniqueIdentifier>
    </Filter>
    <Filter Include="cocos2d-x\core\text_input_node">
      <UniqueIdentifier>{102394f1-d8c4-46cb-8845-71d278b4d7f1}</UniqueIdentifier>
    </Filter>
    <Filter Include="cocos2d-x\core\engine">
      <UniqueIdentifier>{89c88e80-88cf-48b1-bc5f-9067c245a9d7}</UniqueIdentifier>
    </Filter>
  </ItemGroup>
  <ItemGroup>
    <ClCompile Include="..\cocos2d-x\spine\spine\AnimationStateData.c">
      <Filter>cocos2d-x\spine\spine</Filter>
    </ClCompile>
    <ClCompile Include="..\cocos2d-x\spine\spine\Atlas.c">
      <Filter>cocos2d-x\spine\spine</Filter>
    </ClCompile>
    <ClCompile Include="..\cocos2d-x\spine\spine\AtlasAttachmentLoader.c">
      <Filter>cocos2d-x\spine\spine</Filter>
    </ClCompile>
    <ClCompile Include="..\cocos2d-x\spine\spine\Attachment.c">
      <Filter>cocos2d-x\spine\spine</Filter>
    </ClCompile>
    <ClCompile Include="..\cocos2d-x\spine\spine\AttachmentLoader.c">
      <Filter>cocos2d-x\spine\spine</Filter>
    </ClCompile>
    <ClCompile Include="..\cocos2d-x\spine\spine\Bone.c">
      <Filter>cocos2d-x\spine\spine</Filter>
    </ClCompile>
    <ClCompile Include="..\cocos2d-x\spine\spine\BoneData.c">
      <Filter>cocos2d-x\spine\spine</Filter>
    </ClCompile>
    <ClCompile Include="..\cocos2d-x\spine\spine\BoundingBoxAttachment.c">
      <Filter>cocos2d-x\spine\spine</Filter>
    </ClCompile>
    <ClCompile Include="..\cocos2d-x\spine\spine\Event.c">
      <Filter>cocos2d-x\spine\spine</Filter>
    </ClCompile>
    <ClCompile Include="..\cocos2d-x\spine\spine\EventData.c">
      <Filter>cocos2d-x\spine\spine</Filter>
    </ClCompile>
    <ClCompile Include="..\cocos2d-x\spine\spine\extension.c">
      <Filter>cocos2d-x\spine\spine</Filter>
    </ClCompile>
    <ClCompile Include="..\cocos2d-x\spine\spine\IkConstraint.c">
      <Filter>cocos2d-x\spine\spine</Filter>
    </ClCompile>
    <ClCompile Include="..\cocos2d-x\spine\spine\IkConstraintData.c">
      <Filter>cocos2d-x\spine\spine</Filter>
    </ClCompile>
    <ClCompile Include="..\cocos2d-x\spine\spine\Json.c">
      <Filter>cocos2d-x\spine\spine</Filter>
    </ClCompile>
    <ClCompile Include="..\cocos2d-x\spine\spine\MeshAttachment.c">
      <Filter>cocos2d-x\spine\spine</Filter>
    </ClCompile>
    <ClCompile Include="..\cocos2d-x\spine\spine\RegionAttachment.c">
      <Filter>cocos2d-x\spine\spine</Filter>
    </ClCompile>
    <ClCompile Include="..\cocos2d-x\spine\spine\Skeleton.c">
      <Filter>cocos2d-x\spine\spine</Filter>
    </ClCompile>
    <ClCompile Include="..\cocos2d-x\spine\spine\SkeletonBounds.c">
      <Filter>cocos2d-x\spine\spine</Filter>
    </ClCompile>
    <ClCompile Include="..\cocos2d-x\spine\spine\SkeletonData.c">
      <Filter>cocos2d-x\spine\spine</Filter>
    </ClCompile>
    <ClCompile Include="..\cocos2d-x\spine\spine\SkeletonJson.c">
      <Filter>cocos2d-x\spine\spine</Filter>
    </ClCompile>
    <ClCompile Include="..\cocos2d-x\spine\spine\Skin.c">
      <Filter>cocos2d-x\spine\spine</Filter>
    </ClCompile>
    <ClCompile Include="..\cocos2d-x\spine\spine\SkinnedMeshAttachment.c">
      <Filter>cocos2d-x\spine\spine</Filter>
    </ClCompile>
    <ClCompile Include="..\cocos2d-x\spine\spine\Slot.c">
      <Filter>cocos2d-x\spine\spine</Filter>
    </ClCompile>
    <ClCompile Include="..\cocos2d-x\spine\spine\SlotData.c">
      <Filter>cocos2d-x\spine\spine</Filter>
    </ClCompile>
    <ClCompile Include="..\cocos2d-x\spine\spine\Animation.c">
      <Filter>cocos2d-x\spine\spine</Filter>
    </ClCompile>
    <ClCompile Include="..\cocos2d-x\spine\spine\AnimationState.c">
      <Filter>cocos2d-x\spine\spine</Filter>
    </ClCompile>
    <ClCompile Include="..\cocos2d-x\spine\spine_luabinding.cpp">
      <Filter>cocos2d-x\spine</Filter>
    </ClCompile>
    <ClCompile Include="..\cocos2d-x\spine\spine-cocos2dx.cpp">
      <Filter>cocos2d-x\spine</Filter>
    </ClCompile>
    <ClCompile Include="..\cocos2d-x\spine\SkeletonAnimation.cpp">
      <Filter>cocos2d-x\spine</Filter>
    </ClCompile>
    <ClCompile Include="..\cocos2d-x\spine\PolygonBatch.cpp">
      <Filter>cocos2d-x\spine</Filter>
    </ClCompile>
    <ClCompile Include="..\cocos2d-x\imgui\imgui\imgui.cpp">
      <Filter>cocos2d-x\imgui\imgui</Filter>
    </ClCompile>
    <ClCompile Include="..\cocos2d-x\imgui\imgui\imgui_demo.cpp">
      <Filter>cocos2d-x\imgui\imgui</Filter>
    </ClCompile>
    <ClCompile Include="..\cocos2d-x\imgui\imgui\imgui_draw.cpp">
      <Filter>cocos2d-x\imgui\imgui</Filter>
    </ClCompile>
    <ClCompile Include="..\cocos2d-x\imgui\imgui_cocos2dx.cpp">
      <Filter>cocos2d-x\imgui</Filter>
    </ClCompile>
    <ClCompile Include="..\cocos2d-x\imgui\PlayerUI.cpp">
      <Filter>cocos2d-x\imgui</Filter>
    </ClCompile>
    <ClCompile Include="..\cocos2d-x\scripting\tolua\tolua_map.c">
      <Filter>cocos2d-x\scripting\tolua</Filter>
    </ClCompile>
    <ClCompile Include="..\cocos2d-x\scripting\tolua\tolua_push.c">
      <Filter>cocos2d-x\scripting\tolua</Filter>
    </ClCompile>
    <ClCompile Include="..\cocos2d-x\scripting\tolua\tolua_to.c">
      <Filter>cocos2d-x\scripting\tolua</Filter>
    </ClCompile>
    <ClCompile Include="..\cocos2d-x\scripting\tolua\tolua_event.c">
      <Filter>cocos2d-x\scripting\tolua</Filter>
    </ClCompile>
    <ClCompile Include="..\cocos2d-x\scripting\tolua\tolua_is.c">
      <Filter>cocos2d-x\scripting\tolua</Filter>
    </ClCompile>
    <ClCompile Include="..\cocos2d-x\scripting\lua\ldump.c">
      <Filter>cocos2d-x\scripting\lua</Filter>
    </ClCompile>
    <ClCompile Include="..\cocos2d-x\scripting\lua\lfunc.c">
      <Filter>cocos2d-x\scripting\lua</Filter>
    </ClCompile>
    <ClCompile Include="..\cocos2d-x\scripting\lua\lgc.c">
      <Filter>cocos2d-x\scripting\lua</Filter>
    </ClCompile>
    <ClCompile Include="..\cocos2d-x\scripting\lua\linit.c">
      <Filter>cocos2d-x\scripting\lua</Filter>
    </ClCompile>
    <ClCompile Include="..\cocos2d-x\scripting\lua\liolib.c">
      <Filter>cocos2d-x\scripting\lua</Filter>
    </ClCompile>
    <ClCompile Include="..\cocos2d-x\scripting\lua\llex.c">
      <Filter>cocos2d-x\scripting\lua</Filter>
    </ClCompile>
    <ClCompile Include="..\cocos2d-x\scripting\lua\lmathlib.c">
      <Filter>cocos2d-x\scripting\lua</Filter>
    </ClCompile>
    <ClCompile Include="..\cocos2d-x\scripting\lua\lmem.c">
      <Filter>cocos2d-x\scripting\lua</Filter>
    </ClCompile>
    <ClCompile Include="..\cocos2d-x\scripting\lua\loadlib.c">
      <Filter>cocos2d-x\scripting\lua</Filter>
    </ClCompile>
    <ClCompile Include="..\cocos2d-x\scripting\lua\lobject.c">
      <Filter>cocos2d-x\scripting\lua</Filter>
    </ClCompile>
    <ClCompile Include="..\cocos2d-x\scripting\lua\lopcodes.c">
      <Filter>cocos2d-x\scripting\lua</Filter>
    </ClCompile>
    <ClCompile Include="..\cocos2d-x\scripting\lua\loslib.c">
      <Filter>cocos2d-x\scripting\lua</Filter>
    </ClCompile>
    <ClCompile Include="..\cocos2d-x\scripting\lua\lparser.c">
      <Filter>cocos2d-x\scripting\lua</Filter>
    </ClCompile>
    <ClCompile Include="..\cocos2d-x\scripting\lua\lstate.c">
      <Filter>cocos2d-x\scripting\lua</Filter>
    </ClCompile>
    <ClCompile Include="..\cocos2d-x\scripting\lua\lstring.c">
      <Filter>cocos2d-x\scripting\lua</Filter>
    </ClCompile>
    <ClCompile Include="..\cocos2d-x\scripting\lua\lstrlib.c">
      <Filter>cocos2d-x\scripting\lua</Filter>
    </ClCompile>
    <ClCompile Include="..\cocos2d-x\scripting\lua\ltable.c">
      <Filter>cocos2d-x\scripting\lua</Filter>
    </ClCompile>
    <ClCompile Include="..\cocos2d-x\scripting\lua\ltablib.c">
      <Filter>cocos2d-x\scripting\lua</Filter>
    </ClCompile>
    <ClCompile Include="..\cocos2d-x\scripting\lua\ltm.c">
      <Filter>cocos2d-x\scripting\lua</Filter>
    </ClCompile>
    <ClCompile Include="..\cocos2d-x\scripting\lua\lundump.c">
      <Filter>cocos2d-x\scripting\lua</Filter>
    </ClCompile>
    <ClCompile Include="..\cocos2d-x\scripting\lua\lvm.c">
      <Filter>cocos2d-x\scripting\lua</Filter>
    </ClCompile>
    <ClCompile Include="..\cocos2d-x\scripting\lua\lzio.c">
      <Filter>cocos2d-x\scripting\lua</Filter>
    </ClCompile>
    <ClCompile Include="..\cocos2d-x\scripting\lua\print.c">
      <Filter>cocos2d-x\scripting\lua</Filter>
    </ClCompile>
    <ClCompile Include="..\cocos2d-x\scripting\lua\lapi.c">
      <Filter>cocos2d-x\scripting\lua</Filter>
    </ClCompile>
    <ClCompile Include="..\cocos2d-x\scripting\lua\lauxlib.c">
      <Filter>cocos2d-x\scripting\lua</Filter>
    </ClCompile>
    <ClCompile Include="..\cocos2d-x\scripting\lua\lbaselib.c">
      <Filter>cocos2d-x\scripting\lua</Filter>
    </ClCompile>
    <ClCompile Include="..\cocos2d-x\scripting\lua\lcode.c">
      <Filter>cocos2d-x\scripting\lua</Filter>
    </ClCompile>
    <ClCompile Include="..\cocos2d-x\scripting\lua\ldblib.c">
      <Filter>cocos2d-x\scripting\lua</Filter>
    </ClCompile>
    <ClCompile Include="..\cocos2d-x\scripting\lua\ldebug.c">
      <Filter>cocos2d-x\scripting\lua</Filter>
    </ClCompile>
    <ClCompile Include="..\cocos2d-x\scripting\lua\ldo.c">
      <Filter>cocos2d-x\scripting\lua</Filter>
    </ClCompile>
    <ClCompile Include="..\cocos2d-x\scripting\lua_extensions\lua_extensions.c">
      <Filter>cocos2d-x\scripting\lua_extensions</Filter>
    </ClCompile>
    <ClCompile Include="..\cocos2d-x\scripting\lua_extensions\cjson\strbuf.c">
      <Filter>cocos2d-x\scripting\lua_extensions\cjson</Filter>
    </ClCompile>
    <ClCompile Include="..\cocos2d-x\scripting\lua_extensions\cjson\fpconv.c">
      <Filter>cocos2d-x\scripting\lua_extensions\cjson</Filter>
    </ClCompile>
    <ClCompile Include="..\cocos2d-x\scripting\lua_extensions\cjson\lua_cjson.c">
      <Filter>cocos2d-x\scripting\lua_extensions\cjson</Filter>
    </ClCompile>
    <ClCompile Include="..\cocos2d-x\scripting\lua_extensions\debugger\debugger.c">
      <Filter>cocos2d-x\scripting\lua_extensions\debugger</Filter>
    </ClCompile>
    <ClCompile Include="..\cocos2d-x\scripting\lua_extensions\filesystem\lfs.c">
      <Filter>cocos2d-x\scripting\lua_extensions\filesystem</Filter>
    </ClCompile>
    <ClCompile Include="..\cocos2d-x\scripting\lua_extensions\lpack\lpack.c">
      <Filter>cocos2d-x\scripting\lua_extensions\lpack</Filter>
    </ClCompile>
    <ClCompile Include="..\cocos2d-x\scripting\lua_extensions\lsqlite3\sqlite3.c">
      <Filter>cocos2d-x\scripting\lua_extensions\lsqlite3</Filter>
    </ClCompile>
    <ClCompile Include="..\cocos2d-x\scripting\lua_extensions\lsqlite3\lsqlite3.c">
      <Filter>cocos2d-x\scripting\lua_extensions\lsqlite3</Filter>
    </ClCompile>
    <ClCompile Include="..\cocos2d-x\scripting\lua_extensions\socket\luasocket_io.c">
      <Filter>cocos2d-x\scripting\lua_extensions\socket</Filter>
    </ClCompile>
    <ClCompile Include="..\cocos2d-x\scripting\lua_extensions\socket\mime.c">
      <Filter>cocos2d-x\scripting\lua_extensions\socket</Filter>
    </ClCompile>
    <ClCompile Include="..\cocos2d-x\scripting\lua_extensions\socket\options.c">
      <Filter>cocos2d-x\scripting\lua_extensions\socket</Filter>
    </ClCompile>
    <ClCompile Include="..\cocos2d-x\scripting\lua_extensions\socket\select.c">
      <Filter>cocos2d-x\scripting\lua_extensions\socket</Filter>
    </ClCompile>
    <ClCompile Include="..\cocos2d-x\scripting\lua_extensions\socket\socket_scripts.c">
      <Filter>cocos2d-x\scripting\lua_extensions\socket</Filter>
    </ClCompile>
    <ClCompile Include="..\cocos2d-x\scripting\lua_extensions\socket\tcp.c">
      <Filter>cocos2d-x\scripting\lua_extensions\socket</Filter>
    </ClCompile>
    <ClCompile Include="..\cocos2d-x\scripting\lua_extensions\socket\timeout.c">
      <Filter>cocos2d-x\scripting\lua_extensions\socket</Filter>
    </ClCompile>
    <ClCompile Include="..\cocos2d-x\scripting\lua_extensions\socket\udp.c">
      <Filter>cocos2d-x\scripting\lua_extensions\socket</Filter>
    </ClCompile>
    <ClCompile Include="..\cocos2d-x\scripting\lua_extensions\socket\wsocket.c">
      <Filter>cocos2d-x\scripting\lua_extensions\socket</Filter>
    </ClCompile>
    <ClCompile Include="..\cocos2d-x\scripting\lua_extensions\socket\auxiliar.c">
      <Filter>cocos2d-x\scripting\lua_extensions\socket</Filter>
    </ClCompile>
    <ClCompile Include="..\cocos2d-x\scripting\lua_extensions\socket\except.c">
      <Filter>cocos2d-x\scripting\lua_extensions\socket</Filter>
    </ClCompile>
    <ClCompile Include="..\cocos2d-x\scripting\lua_extensions\socket\inet.c">
      <Filter>cocos2d-x\scripting\lua_extensions\socket</Filter>
    </ClCompile>
    <ClCompile Include="..\cocos2d-x\scripting\lua_extensions\socket\luasocket.c">
      <Filter>cocos2d-x\scripting\lua_extensions\socket</Filter>
    </ClCompile>
    <ClCompile Include="..\cocos2d-x\scripting\lua_extensions\socket\luasocket_buffer.c">
      <Filter>cocos2d-x\scripting\lua_extensions\socket</Filter>
    </ClCompile>
    <ClCompile Include="..\cocos2d-x\scripting\lua_extensions\zlib\lua_zlib.c">
      <Filter>cocos2d-x\scripting\lua_extensions\zlib</Filter>
    </ClCompile>
    <ClCompile Include="..\cocos2d-x\network\CCNetwork.cpp">
      <Filter>cocos2d-x\network</Filter>
    </ClCompile>
    <ClCompile Include="..\cocos2d-x\network\CCNetworkWin32.cpp">
      <Filter>cocos2d-x\network</Filter>
    </ClCompile>
    <ClCompile Include="..\cocos2d-x\network\CCHTTPRequest.cpp">
      <Filter>cocos2d-x\network</Filter>
    </ClCompile>
    <ClCompile Include="..\cocos2d-x\ui\UIButton.cpp">
      <Filter>cocos2d-x\ui</Filter>
    </ClCompile>
    <ClCompile Include="..\cocos2d-x\ui\UICheckBox.cpp">
      <Filter>cocos2d-x\ui</Filter>
    </ClCompile>
    <ClCompile Include="..\cocos2d-x\ui\UIHelper.cpp">
      <Filter>cocos2d-x\ui</Filter>
    </ClCompile>
    <ClCompile Include="..\cocos2d-x\ui\UIImageView.cpp">
      <Filter>cocos2d-x\ui</Filter>
    </ClCompile>
    <ClCompile Include="..\cocos2d-x\ui\UILabel.cpp">
      <Filter>cocos2d-x\ui</Filter>
    </ClCompile>
    <ClCompile Include="..\cocos2d-x\ui\UILabelAtlas.cpp">
      <Filter>cocos2d-x\ui</Filter>
    </ClCompile>
    <ClCompile Include="..\cocos2d-x\ui\UILabelBMFont.cpp">
      <Filter>cocos2d-x\ui</Filter>
    </ClCompile>
    <ClCompile Include="..\cocos2d-x\ui\UILoadingBar.cpp">
      <Filter>cocos2d-x\ui</Filter>
    </ClCompile>
    <ClCompile Include="..\cocos2d-x\ui\UIRichText.cpp">
      <Filter>cocos2d-x\ui</Filter>
    </ClCompile>
    <ClCompile Include="..\cocos2d-x\ui\UISlider.cpp">
      <Filter>cocos2d-x\ui</Filter>
    </ClCompile>
    <ClCompile Include="..\cocos2d-x\ui\UITextField.cpp">
      <Filter>cocos2d-x\ui</Filter>
    </ClCompile>
    <ClCompile Include="..\cocos2d-x\ui\UITouchGroup.cpp">
      <Filter>cocos2d-x\ui</Filter>
    </ClCompile>
    <ClCompile Include="..\cocos2d-x\ui\UIWidget.cpp">
      <Filter>cocos2d-x\ui</Filter>
    </ClCompile>
    <ClCompile Include="..\cocos2d-x\ui\EditBox\CCEditBoxImplWin.cpp">
      <Filter>cocos2d-x\ui\EditBox</Filter>
    </ClCompile>
    <ClCompile Include="..\cocos2d-x\ui\EditBox\Win32InputBox.cpp">
      <Filter>cocos2d-x\ui\EditBox</Filter>
    </ClCompile>
    <ClCompile Include="..\cocos2d-x\ui\EditBox\CCEditBox.cpp">
      <Filter>cocos2d-x\ui\EditBox</Filter>
    </ClCompile>
    <ClCompile Include="..\cocos2d-x\ui\Layouts\UILayoutDefine.cpp">
      <Filter>cocos2d-x\ui\Layouts</Filter>
    </ClCompile>
    <ClCompile Include="..\cocos2d-x\ui\Layouts\UILayoutParameter.cpp">
      <Filter>cocos2d-x\ui\Layouts</Filter>
    </ClCompile>
    <ClCompile Include="..\cocos2d-x\ui\Layouts\UILayout.cpp">
      <Filter>cocos2d-x\ui\Layouts</Filter>
    </ClCompile>
    <ClCompile Include="..\cocos2d-x\ui\ScrollWidget\UIPageView.cpp">
      <Filter>cocos2d-x\ui\ScrollWidget</Filter>
    </ClCompile>
    <ClCompile Include="..\cocos2d-x\ui\ScrollWidget\UIScrollView.cpp">
      <Filter>cocos2d-x\ui\ScrollWidget</Filter>
    </ClCompile>
    <ClCompile Include="..\cocos2d-x\ui\ScrollWidget\UIListView.cpp">
      <Filter>cocos2d-x\ui\ScrollWidget</Filter>
    </ClCompile>
    <ClCompile Include="..\cocos2d-x\ui\webview\UIWebView.cpp">
      <Filter>cocos2d-x\ui\webview</Filter>
    </ClCompile>
    <ClCompile Include="..\cocos2d-x\audio\win32\MciPlayer.cpp">
      <Filter>cocos2d-x\audio</Filter>
    </ClCompile>
    <ClCompile Include="..\cocos2d-x\audio\win32\SimpleAudioEngine.cpp">
      <Filter>cocos2d-x\audio</Filter>
    </ClCompile>
    <ClCompile Include="..\cocos2d-x\scripting\LuaCocos2d.cpp">
      <Filter>cocos2d-x\scripting</Filter>
    </ClCompile>
    <ClCompile Include="..\cocos2d-x\scripting\LuaCocoStudio.cpp">
      <Filter>cocos2d-x\scripting</Filter>
    </ClCompile>
    <ClCompile Include="..\cocos2d-x\scripting\LuaFunction.cpp">
      <Filter>cocos2d-x\scripting</Filter>
    </ClCompile>
    <ClCompile Include="..\cocos2d-x\scripting\LuaTable.cpp">
      <Filter>cocos2d-x\scripting</Filter>
    </ClCompile>
    <ClCompile Include="..\cocos2d-x\scripting\snapshot.c">
      <Filter>cocos2d-x\scripting</Filter>
    </ClCompile>
    <ClCompile Include="..\cocos2d-x\scripting\tolua_fix.c">
      <Filter>cocos2d-x\scripting</Filter>
    </ClCompile>
    <ClCompile Include="..\cocos2d-x\scripting\CCLuaBridge.cpp">
      <Filter>cocos2d-x\scripting</Filter>
    </ClCompile>
    <ClCompile Include="..\cocos2d-x\scripting\CCLuaEngine.cpp">
      <Filter>cocos2d-x\scripting</Filter>
    </ClCompile>
    <ClCompile Include="..\cocos2d-x\scripting\CCLuaStack.cpp">
      <Filter>cocos2d-x\scripting</Filter>
    </ClCompile>
    <ClCompile Include="..\cocos2d-x\scripting\CCLuaValue.cpp">
      <Filter>cocos2d-x\scripting</Filter>
    </ClCompile>
    <ClCompile Include="..\cocos2d-x\scripting\lua_cocos2dx_cocostudio_manual.cpp">
      <Filter>cocos2d-x\scripting</Filter>
    </ClCompile>
    <ClCompile Include="..\cocos2d-x\scripting\lua_cocos2dx_manual.cpp">
      <Filter>cocos2d-x\scripting</Filter>
    </ClCompile>
    <ClCompile Include="..\cocos2d-x\tilemap\CCParallaxNode.cpp">
      <Filter>cocos2d-x\tilemap</Filter>
    </ClCompile>
    <ClCompile Include="..\cocos2d-x\tilemap\CCTileMapAtlas.cpp">
      <Filter>cocos2d-x\tilemap</Filter>
    </ClCompile>
    <ClCompile Include="..\cocos2d-x\tilemap\CCTMXLayer.cpp">
      <Filter>cocos2d-x\tilemap</Filter>
    </ClCompile>
    <ClCompile Include="..\cocos2d-x\tilemap\CCTMXObjectGroup.cpp">
      <Filter>cocos2d-x\tilemap</Filter>
    </ClCompile>
    <ClCompile Include="..\cocos2d-x\tilemap\CCTMXTiledMap.cpp">
      <Filter>cocos2d-x\tilemap</Filter>
    </ClCompile>
    <ClCompile Include="..\cocos2d-x\tilemap\CCTMXXMLParser.cpp">
      <Filter>cocos2d-x\tilemap</Filter>
    </ClCompile>
    <ClCompile Include="..\cocos2d-x\particle\CCParticleSystemQuad.cpp">
      <Filter>cocos2d-x\particle</Filter>
    </ClCompile>
    <ClCompile Include="..\cocos2d-x\particle\CCParticleBatchNode.cpp">
      <Filter>cocos2d-x\particle</Filter>
    </ClCompile>
    <ClCompile Include="..\cocos2d-x\particle\CCParticleExamples.cpp">
      <Filter>cocos2d-x\particle</Filter>
    </ClCompile>
    <ClCompile Include="..\cocos2d-x\particle\CCParticleSystem.cpp">
      <Filter>cocos2d-x\particle</Filter>
    </ClCompile>
    <ClCompile Include="..\cocos2d-x\imgui\imgui_binding.cpp">
      <Filter>cocos2d-x\imgui</Filter>
    </ClCompile>
    <ClCompile Include="..\cocos2d-x\scripting\LuaEvent.cpp">
      <Filter>cocos2d-x\scripting</Filter>
    </ClCompile>
    <ClCompile Include="..\cocos2d-x\core\base\ID.cpp">
      <Filter>cocos2d-x\core\base</Filter>
    </ClCompile>
    <ClCompile Include="..\cocos2d-x\core\base\MathDefs.cpp">
      <Filter>cocos2d-x\core\base</Filter>
    </ClCompile>
    <ClCompile Include="..\cocos2d-x\core\base\ProcessUtils.cpp">
      <Filter>cocos2d-x\core\base</Filter>
    </ClCompile>
    <ClCompile Include="..\cocos2d-x\core\base\RefCounted.cpp">
      <Filter>cocos2d-x\core\base</Filter>
    </ClCompile>
    <ClCompile Include="..\cocos2d-x\core\base\Variant.cpp">
      <Filter>cocos2d-x\core\base</Filter>
    </ClCompile>
    <ClCompile Include="..\cocos2d-x\core\base_nodes\CCAtlasNode.cpp">
      <Filter>cocos2d-x\core\base_nodes</Filter>
    </ClCompile>
    <ClCompile Include="..\cocos2d-x\core\base_nodes\CCGLBufferedNode.cpp">
      <Filter>cocos2d-x\core\base_nodes</Filter>
    </ClCompile>
    <ClCompile Include="..\cocos2d-x\core\base_nodes\CCNode.cpp">
      <Filter>cocos2d-x\core\base_nodes</Filter>
    </ClCompile>
    <ClCompile Include="..\cocos2d-x\core\cocoa\CCAffineTransform.cpp">
      <Filter>cocos2d-x\core\cocoa</Filter>
    </ClCompile>
    <ClCompile Include="..\cocos2d-x\core\cocoa\CCArray.cpp">
      <Filter>cocos2d-x\core\cocoa</Filter>
    </ClCompile>
    <ClCompile Include="..\cocos2d-x\core\cocoa\CCDictionary.cpp">
      <Filter>cocos2d-x\core\cocoa</Filter>
    </ClCompile>
    <ClCompile Include="..\cocos2d-x\core\cocoa\CCGeometry.cpp">
      <Filter>cocos2d-x\core\cocoa</Filter>
    </ClCompile>
    <ClCompile Include="..\cocos2d-x\core\cocoa\CCPointArray.cpp">
      <Filter>cocos2d-x\core\cocoa</Filter>
    </ClCompile>
    <ClCompile Include="..\cocos2d-x\core\cocoa\CCScriptEventDispatcher.cpp">
      <Filter>cocos2d-x\core\cocoa</Filter>
    </ClCompile>
    <ClCompile Include="..\cocos2d-x\core\cocoa\CCSet.cpp">
      <Filter>cocos2d-x\core\cocoa</Filter>
    </ClCompile>
    <ClCompile Include="..\cocos2d-x\core\cocoa\CCString.cpp">
      <Filter>cocos2d-x\core\cocoa</Filter>
    </ClCompile>
    <ClCompile Include="..\cocos2d-x\core\crypto\CCCrypto.cpp">
      <Filter>cocos2d-x\core\crypto</Filter>
    </ClCompile>
    <ClCompile Include="..\cocos2d-x\core\crypto\libbase64.c">
      <Filter>cocos2d-x\core\crypto</Filter>
    </ClCompile>
    <ClCompile Include="..\cocos2d-x\core\crypto\md5.cpp">
      <Filter>cocos2d-x\core\crypto</Filter>
    </ClCompile>
    <ClCompile Include="..\cocos2d-x\core\crypto\xxtea.c">
      <Filter>cocos2d-x\core\crypto</Filter>
    </ClCompile>
    <ClCompile Include="..\cocos2d-x\core\draw_nodes\CCDrawingPrimitives.cpp">
      <Filter>cocos2d-x\core\draw_nodes</Filter>
    </ClCompile>
    <ClCompile Include="..\cocos2d-x\core\draw_nodes\CCDrawNode.cpp">
      <Filter>cocos2d-x\core\draw_nodes</Filter>
    </ClCompile>
    <ClCompile Include="..\cocos2d-x\core\draw_nodes\CCShapeNode.cpp">
      <Filter>cocos2d-x\core\draw_nodes</Filter>
    </ClCompile>
    <ClCompile Include="..\cocos2d-x\core\effects\CCGrabber.cpp">
      <Filter>cocos2d-x\core\effects</Filter>
    </ClCompile>
    <ClCompile Include="..\cocos2d-x\core\effects\CCGrid.cpp">
      <Filter>cocos2d-x\core\effects</Filter>
    </ClCompile>
    <ClCompile Include="..\cocos2d-x\core\IO\FileSystem.cpp">
      <Filter>cocos2d-x\core\IO</Filter>
    </ClCompile>
    <ClCompile Include="..\cocos2d-x\core\kazmath\src\aabb.c">
      <Filter>cocos2d-x\core\kazmath</Filter>
    </ClCompile>
    <ClCompile Include="..\cocos2d-x\core\kazmath\src\GL\mat4stack.c">
      <Filter>cocos2d-x\core\kazmath</Filter>
    </ClCompile>
    <ClCompile Include="..\cocos2d-x\core\kazmath\src\GL\matrix.c">
      <Filter>cocos2d-x\core\kazmath</Filter>
    </ClCompile>
    <ClCompile Include="..\cocos2d-x\core\kazmath\src\mat3.c">
      <Filter>cocos2d-x\core\kazmath</Filter>
    </ClCompile>
    <ClCompile Include="..\cocos2d-x\core\kazmath\src\mat4.c">
      <Filter>cocos2d-x\core\kazmath</Filter>
    </ClCompile>
    <ClCompile Include="..\cocos2d-x\core\kazmath\src\neon_matrix_impl.c">
      <Filter>cocos2d-x\core\kazmath</Filter>
    </ClCompile>
    <ClCompile Include="..\cocos2d-x\core\kazmath\src\plane.c">
      <Filter>cocos2d-x\core\kazmath</Filter>
    </ClCompile>
    <ClCompile Include="..\cocos2d-x\core\kazmath\src\quaternion.c">
      <Filter>cocos2d-x\core\kazmath</Filter>
    </ClCompile>
    <ClCompile Include="..\cocos2d-x\core\kazmath\src\ray2.c">
      <Filter>cocos2d-x\core\kazmath</Filter>
    </ClCompile>
    <ClCompile Include="..\cocos2d-x\core\kazmath\src\utility.c">
      <Filter>cocos2d-x\core\kazmath</Filter>
    </ClCompile>
    <ClCompile Include="..\cocos2d-x\core\kazmath\src\vec2.c">
      <Filter>cocos2d-x\core\kazmath</Filter>
    </ClCompile>
    <ClCompile Include="..\cocos2d-x\core\kazmath\src\vec3.c">
      <Filter>cocos2d-x\core\kazmath</Filter>
    </ClCompile>
    <ClCompile Include="..\cocos2d-x\core\kazmath\src\vec4.c">
      <Filter>cocos2d-x\core\kazmath</Filter>
    </ClCompile>
    <ClCompile Include="..\cocos2d-x\core\label_nodes\CCLabelAtlas.cpp">
      <Filter>cocos2d-x\core\label_nodes</Filter>
    </ClCompile>
    <ClCompile Include="..\cocos2d-x\core\label_nodes\CCLabelBMFont.cpp">
      <Filter>cocos2d-x\core\label_nodes</Filter>
    </ClCompile>
    <ClCompile Include="..\cocos2d-x\core\label_nodes\CCLabelTTF.cpp">
      <Filter>cocos2d-x\core\label_nodes</Filter>
    </ClCompile>
    <ClCompile Include="..\cocos2d-x\core\layers_scenes_transitions_nodes\CCLayer.cpp">
      <Filter>cocos2d-x\core\layers_scenes_transitions_nodes</Filter>
    </ClCompile>
    <ClCompile Include="..\cocos2d-x\core\layers_scenes_transitions_nodes\CCScene.cpp">
      <Filter>cocos2d-x\core\layers_scenes_transitions_nodes</Filter>
    </ClCompile>
    <ClCompile Include="..\cocos2d-x\core\layers_scenes_transitions_nodes\CCTransition.cpp">
      <Filter>cocos2d-x\core\layers_scenes_transitions_nodes</Filter>
    </ClCompile>
    <ClCompile Include="..\cocos2d-x\core\layers_scenes_transitions_nodes\CCTransitionPageTurn.cpp">
      <Filter>cocos2d-x\core\layers_scenes_transitions_nodes</Filter>
    </ClCompile>
    <ClCompile Include="..\cocos2d-x\core\layers_scenes_transitions_nodes\CCTransitionProgress.cpp">
      <Filter>cocos2d-x\core\layers_scenes_transitions_nodes</Filter>
    </ClCompile>
    <ClCompile Include="..\cocos2d-x\core\platform\CCDevice.cpp">
      <Filter>cocos2d-x\core\platform</Filter>
    </ClCompile>
    <ClCompile Include="..\cocos2d-x\core\platform\CCEGLViewProtocol.cpp">
      <Filter>cocos2d-x\core\platform</Filter>
    </ClCompile>
    <ClCompile Include="..\cocos2d-x\core\platform\CCSAXParser.cpp">
      <Filter>cocos2d-x\core\platform</Filter>
    </ClCompile>
    <ClCompile Include="..\cocos2d-x\core\platform\CCThread.cpp">
      <Filter>cocos2d-x\core\platform</Filter>
    </ClCompile>
    <ClCompile Include="..\cocos2d-x\core\platform\CCZipFile.cpp">
      <Filter>cocos2d-x\core\platform</Filter>
    </ClCompile>
    <ClCompile Include="..\cocos2d-x\core\platform\platform.cpp">
      <Filter>cocos2d-x\core\platform</Filter>
    </ClCompile>
    <ClCompile Include="..\cocos2d-x\core\platform\win32\CCAccelerometer.cpp">
      <Filter>cocos2d-x\core\platform\win32</Filter>
    </ClCompile>
    <ClCompile Include="..\cocos2d-x\core\platform\win32\CCApplication.cpp">
      <Filter>cocos2d-x\core\platform\win32</Filter>
    </ClCompile>
    <ClCompile Include="..\cocos2d-x\core\platform\win32\CCDeviceWin32.cpp">
      <Filter>cocos2d-x\core\platform\win32</Filter>
    </ClCompile>
    <ClCompile Include="..\cocos2d-x\core\platform\win32\CCEGLView.cpp">
      <Filter>cocos2d-x\core\platform\win32</Filter>
    </ClCompile>
    <ClCompile Include="..\cocos2d-x\core\platform\win32\CCImage.cpp">
      <Filter>cocos2d-x\core\platform\win32</Filter>
    </ClCompile>
    <ClCompile Include="..\cocos2d-x\core\script_support\CCScriptSupport.cpp">
      <Filter>cocos2d-x\core\script_support</Filter>
    </ClCompile>
    <ClCompile Include="..\cocos2d-x\core\misc_nodes\CCClippingNode.cpp">
      <Filter>cocos2d-x\core\misc_nodes</Filter>
    </ClCompile>
    <ClCompile Include="..\cocos2d-x\core\misc_nodes\CCClippingRegionNode.cpp">
      <Filter>cocos2d-x\core\misc_nodes</Filter>
    </ClCompile>
    <ClCompile Include="..\cocos2d-x\core\misc_nodes\CCProgressTimer.cpp">
      <Filter>cocos2d-x\core\misc_nodes</Filter>
    </ClCompile>
    <ClCompile Include="..\cocos2d-x\core\misc_nodes\CCRenderTexture.cpp">
      <Filter>cocos2d-x\core\misc_nodes</Filter>
    </ClCompile>
    <ClCompile Include="..\cocos2d-x\core\shaders\CCGLProgram.cpp">
      <Filter>cocos2d-x\core\shaders</Filter>
    </ClCompile>
    <ClCompile Include="..\cocos2d-x\core\shaders\ccGLStateCache.cpp">
      <Filter>cocos2d-x\core\shaders</Filter>
    </ClCompile>
    <ClCompile Include="..\cocos2d-x\core\shaders\CCShaderCache.cpp">
      <Filter>cocos2d-x\core\shaders</Filter>
    </ClCompile>
    <ClCompile Include="..\cocos2d-x\core\sprite_nodes\CCAnimation.cpp">
      <Filter>cocos2d-x\core\sprite_nodes</Filter>
    </ClCompile>
    <ClCompile Include="..\cocos2d-x\core\sprite_nodes\CCAnimationCache.cpp">
      <Filter>cocos2d-x\core\sprite_nodes</Filter>
    </ClCompile>
    <ClCompile Include="..\cocos2d-x\core\sprite_nodes\CCScale9Sprite.cpp">
      <Filter>cocos2d-x\core\sprite_nodes</Filter>
    </ClCompile>
    <ClCompile Include="..\cocos2d-x\core\sprite_nodes\CCSprite.cpp">
      <Filter>cocos2d-x\core\sprite_nodes</Filter>
    </ClCompile>
    <ClCompile Include="..\cocos2d-x\core\sprite_nodes\CCSpriteBatchNode.cpp">
      <Filter>cocos2d-x\core\sprite_nodes</Filter>
    </ClCompile>
    <ClCompile Include="..\cocos2d-x\core\sprite_nodes\CCSpriteFrame.cpp">
      <Filter>cocos2d-x\core\sprite_nodes</Filter>
    </ClCompile>
    <ClCompile Include="..\cocos2d-x\core\sprite_nodes\CCSpriteFrameCache.cpp">
      <Filter>cocos2d-x\core\sprite_nodes</Filter>
    </ClCompile>
    <ClCompile Include="..\cocos2d-x\core\textures\CCTexture2D.cpp">
      <Filter>cocos2d-x\core\textures</Filter>
    </ClCompile>
    <ClCompile Include="..\cocos2d-x\core\textures\CCTextureAtlas.cpp">
      <Filter>cocos2d-x\core\textures</Filter>
    </ClCompile>
    <ClCompile Include="..\cocos2d-x\core\textures\CCTextureCache.cpp">
      <Filter>cocos2d-x\core\textures</Filter>
    </ClCompile>
    <ClCompile Include="..\cocos2d-x\core\textures\CCTextureETC.cpp">
      <Filter>cocos2d-x\core\textures</Filter>
    </ClCompile>
    <ClCompile Include="..\cocos2d-x\core\textures\CCTexturePVR.cpp">
      <Filter>cocos2d-x\core\textures</Filter>
    </ClCompile>
    <ClCompile Include="..\cocos2d-x\core\touch_dispatcher\CCTouch.cpp">
      <Filter>cocos2d-x\core\touch_dispatcher</Filter>
    </ClCompile>
    <ClCompile Include="..\cocos2d-x\core\touch_dispatcher\CCTouchDispatcher.cpp">
      <Filter>cocos2d-x\core\touch_dispatcher</Filter>
    </ClCompile>
    <ClCompile Include="..\cocos2d-x\core\touch_dispatcher\CCTouchHandler.cpp">
      <Filter>cocos2d-x\core\touch_dispatcher</Filter>
    </ClCompile>
    <ClCompile Include="..\cocos2d-x\core\touch_dispatcher\CCTouchTargetNode.cpp">
      <Filter>cocos2d-x\core\touch_dispatcher</Filter>
    </ClCompile>
    <ClCompile Include="..\cocos2d-x\core\CCCamera.cpp">
      <Filter>cocos2d-x\core</Filter>
    </ClCompile>
    <ClCompile Include="..\cocos2d-x\core\CCConfiguration.cpp">
      <Filter>cocos2d-x\core</Filter>
    </ClCompile>
    <ClCompile Include="..\cocos2d-x\core\ccFPSImages.c">
      <Filter>cocos2d-x\core</Filter>
    </ClCompile>
    <ClCompile Include="..\cocos2d-x\core\CCScheduler.cpp">
      <Filter>cocos2d-x\core</Filter>
    </ClCompile>
    <ClCompile Include="..\cocos2d-x\core\cocos2d.cpp">
      <Filter>cocos2d-x\core</Filter>
    </ClCompile>
    <ClCompile Include="..\cocos2d-x\core\support\CCNotificationCenter.cpp">
      <Filter>cocos2d-x\core\support</Filter>
    </ClCompile>
    <ClCompile Include="..\cocos2d-x\core\support\CCPointExtension.cpp">
      <Filter>cocos2d-x\core\support</Filter>
    </ClCompile>
    <ClCompile Include="..\cocos2d-x\core\support\CCProfiling.cpp">
      <Filter>cocos2d-x\core\support</Filter>
    </ClCompile>
    <ClCompile Include="..\cocos2d-x\core\support\ccUTF8.cpp">
      <Filter>cocos2d-x\core\support</Filter>
    </ClCompile>
    <ClCompile Include="..\cocos2d-x\core\support\CCVertex.cpp">
      <Filter>cocos2d-x\core\support</Filter>
    </ClCompile>
    <ClCompile Include="..\cocos2d-x\core\support\TransformUtils.cpp">
      <Filter>cocos2d-x\core\support</Filter>
    </ClCompile>
    <ClCompile Include="..\cocos2d-x\core\support\component\CCComponent.cpp">
      <Filter>cocos2d-x\core\support\component</Filter>
    </ClCompile>
    <ClCompile Include="..\cocos2d-x\core\support\component\CCComponentContainer.cpp">
      <Filter>cocos2d-x\core\support\component</Filter>
    </ClCompile>
    <ClCompile Include="..\cocos2d-x\core\support\data_support\ccCArray.cpp">
      <Filter>cocos2d-x\core\support\data_support</Filter>
    </ClCompile>
    <ClCompile Include="..\cocos2d-x\core\support\image_support\TGAlib.cpp">
      <Filter>cocos2d-x\core\support\image_support</Filter>
    </ClCompile>
    <ClCompile Include="..\cocos2d-x\core\support\tinyxml2\tinyxml2.cpp">
      <Filter>cocos2d-x\core\support\tinyxml2</Filter>
    </ClCompile>
    <ClCompile Include="..\cocos2d-x\core\support\user_default\CCUserDefault.cpp">
      <Filter>cocos2d-x\core\support\user_default</Filter>
    </ClCompile>
    <ClCompile Include="..\cocos2d-x\core\support\zip_support\ioapi.cpp">
      <Filter>cocos2d-x\core\support\zip_support</Filter>
    </ClCompile>
    <ClCompile Include="..\cocos2d-x\core\support\zip_support\ioapi_mem.cpp">
      <Filter>cocos2d-x\core\support\zip_support</Filter>
    </ClCompile>
    <ClCompile Include="..\cocos2d-x\core\support\zip_support\unzip.cpp">
      <Filter>cocos2d-x\core\support\zip_support</Filter>
    </ClCompile>
    <ClCompile Include="..\cocos2d-x\core\support\zip_support\ZipUtils.cpp">
      <Filter>cocos2d-x\core\support\zip_support</Filter>
    </ClCompile>
    <ClCompile Include="..\cocos2d-x\actions\CCActionGrid.cpp">
      <Filter>cocos2d-x\actions</Filter>
    </ClCompile>
    <ClCompile Include="..\cocos2d-x\actions\CCActionGrid3D.cpp">
      <Filter>cocos2d-x\actions</Filter>
    </ClCompile>
    <ClCompile Include="..\cocos2d-x\actions\CCActionInstant.cpp">
      <Filter>cocos2d-x\actions</Filter>
    </ClCompile>
    <ClCompile Include="..\cocos2d-x\actions\CCActionInterval.cpp">
      <Filter>cocos2d-x\actions</Filter>
    </ClCompile>
    <ClCompile Include="..\cocos2d-x\actions\CCActionManager.cpp">
      <Filter>cocos2d-x\actions</Filter>
    </ClCompile>
    <ClCompile Include="..\cocos2d-x\actions\CCActionPageTurn3D.cpp">
      <Filter>cocos2d-x\actions</Filter>
    </ClCompile>
    <ClCompile Include="..\cocos2d-x\actions\CCActionProgressTimer.cpp">
      <Filter>cocos2d-x\actions</Filter>
    </ClCompile>
    <ClCompile Include="..\cocos2d-x\actions\CCActionTiledGrid.cpp">
      <Filter>cocos2d-x\actions</Filter>
    </ClCompile>
    <ClCompile Include="..\cocos2d-x\actions\CCActionTween.cpp">
      <Filter>cocos2d-x\actions</Filter>
    </ClCompile>
    <ClCompile Include="..\cocos2d-x\actions\CCAction.cpp">
      <Filter>cocos2d-x\actions</Filter>
    </ClCompile>
    <ClCompile Include="..\cocos2d-x\actions\CCActionCamera.cpp">
      <Filter>cocos2d-x\actions</Filter>
    </ClCompile>
    <ClCompile Include="..\cocos2d-x\actions\CCActionCatmullRom.cpp">
      <Filter>cocos2d-x\actions</Filter>
    </ClCompile>
    <ClCompile Include="..\cocos2d-x\actions\CCActionEase.cpp">
      <Filter>cocos2d-x\actions</Filter>
    </ClCompile>
    <ClCompile Include="..\cocos2d-x\actions\CCActionFiniteTime.cpp">
      <Filter>cocos2d-x\actions</Filter>
    </ClCompile>
    <ClCompile Include="..\cocos2d-x\core\text_input_node\CCIMEDispatcher.cpp">
      <Filter>cocos2d-x\core\text_input_node</Filter>
    </ClCompile>
    <ClCompile Include="..\cocos2d-x\core\text_input_node\CCTextFieldTTF.cpp">
      <Filter>cocos2d-x\core\text_input_node</Filter>
    </ClCompile>
    <ClCompile Include="..\cocos2d-x\scripting\Cocos2dxLuaLoader.cpp">
      <Filter>cocos2d-x\scripting</Filter>
    </ClCompile>
    <ClCompile Include="..\cocos2d-x\network\cocos2dx_httprequest_luabinding.cpp">
      <Filter>cocos2d-x\network</Filter>
    </ClCompile>
    <ClCompile Include="..\cocos2d-x\core\platform\CCInput.cpp">
      <Filter>cocos2d-x\core\platform</Filter>
    </ClCompile>
    <ClCompile Include="..\cocos2d-x\core\cocoa\CCAutoreleasePool.cpp">
      <Filter>cocos2d-x\core\cocoa</Filter>
    </ClCompile>
    <ClCompile Include="..\cocos2d-x\core\shaders\CCMaterial.cpp">
      <Filter>cocos2d-x\core\shaders</Filter>
    </ClCompile>
    <ClCompile Include="..\cocos2d-x\core\engine\CCEngineEvents.cpp">
      <Filter>cocos2d-x\core\engine</Filter>
    </ClCompile>
    <ClCompile Include="..\cocos2d-x\core\engine\CCObject.cpp">
      <Filter>cocos2d-x\core\engine</Filter>
    </ClCompile>
    <ClCompile Include="..\cocos2d-x\core\engine\CCDirector.cpp">
      <Filter>cocos2d-x\core\engine</Filter>
    </ClCompile>
    <ClCompile Include="..\cocos2d-x\core\engine\CCResourceCache.cpp">
      <Filter>cocos2d-x\core\engine</Filter>
    </ClCompile>
    <ClCompile Include="..\cocos2d-x\core\engine\CCModule.cpp">
      <Filter>cocos2d-x\core\engine</Filter>
    </ClCompile>
  </ItemGroup>
  <ItemGroup>
    <ClInclude Include="..\cocos2d-x\spine\spine\AnimationStateData.h">
      <Filter>cocos2d-x\spine\spine</Filter>
    </ClInclude>
    <ClInclude Include="..\cocos2d-x\spine\spine\Atlas.h">
      <Filter>cocos2d-x\spine\spine</Filter>
    </ClInclude>
    <ClInclude Include="..\cocos2d-x\spine\spine\AtlasAttachmentLoader.h">
      <Filter>cocos2d-x\spine\spine</Filter>
    </ClInclude>
    <ClInclude Include="..\cocos2d-x\spine\spine\Attachment.h">
      <Filter>cocos2d-x\spine\spine</Filter>
    </ClInclude>
    <ClInclude Include="..\cocos2d-x\spine\spine\AttachmentLoader.h">
      <Filter>cocos2d-x\spine\spine</Filter>
    </ClInclude>
    <ClInclude Include="..\cocos2d-x\spine\spine\Bone.h">
      <Filter>cocos2d-x\spine\spine</Filter>
    </ClInclude>
    <ClInclude Include="..\cocos2d-x\spine\spine\BoneData.h">
      <Filter>cocos2d-x\spine\spine</Filter>
    </ClInclude>
    <ClInclude Include="..\cocos2d-x\spine\spine\BoundingBoxAttachment.h">
      <Filter>cocos2d-x\spine\spine</Filter>
    </ClInclude>
    <ClInclude Include="..\cocos2d-x\spine\spine\Event.h">
      <Filter>cocos2d-x\spine\spine</Filter>
    </ClInclude>
    <ClInclude Include="..\cocos2d-x\spine\spine\EventData.h">
      <Filter>cocos2d-x\spine\spine</Filter>
    </ClInclude>
    <ClInclude Include="..\cocos2d-x\spine\spine\extension.h">
      <Filter>cocos2d-x\spine\spine</Filter>
    </ClInclude>
    <ClInclude Include="..\cocos2d-x\spine\spine\IkConstraint.h">
      <Filter>cocos2d-x\spine\spine</Filter>
    </ClInclude>
    <ClInclude Include="..\cocos2d-x\spine\spine\IkConstraintData.h">
      <Filter>cocos2d-x\spine\spine</Filter>
    </ClInclude>
    <ClInclude Include="..\cocos2d-x\spine\spine\Json.h">
      <Filter>cocos2d-x\spine\spine</Filter>
    </ClInclude>
    <ClInclude Include="..\cocos2d-x\spine\spine\MeshAttachment.h">
      <Filter>cocos2d-x\spine\spine</Filter>
    </ClInclude>
    <ClInclude Include="..\cocos2d-x\spine\spine\RegionAttachment.h">
      <Filter>cocos2d-x\spine\spine</Filter>
    </ClInclude>
    <ClInclude Include="..\cocos2d-x\spine\spine\Skeleton.h">
      <Filter>cocos2d-x\spine\spine</Filter>
    </ClInclude>
    <ClInclude Include="..\cocos2d-x\spine\spine\SkeletonBounds.h">
      <Filter>cocos2d-x\spine\spine</Filter>
    </ClInclude>
    <ClInclude Include="..\cocos2d-x\spine\spine\SkeletonData.h">
      <Filter>cocos2d-x\spine\spine</Filter>
    </ClInclude>
    <ClInclude Include="..\cocos2d-x\spine\spine\SkeletonJson.h">
      <Filter>cocos2d-x\spine\spine</Filter>
    </ClInclude>
    <ClInclude Include="..\cocos2d-x\spine\spine\Skin.h">
      <Filter>cocos2d-x\spine\spine</Filter>
    </ClInclude>
    <ClInclude Include="..\cocos2d-x\spine\spine\SkinnedMeshAttachment.h">
      <Filter>cocos2d-x\spine\spine</Filter>
    </ClInclude>
    <ClInclude Include="..\cocos2d-x\spine\spine\Slot.h">
      <Filter>cocos2d-x\spine\spine</Filter>
    </ClInclude>
    <ClInclude Include="..\cocos2d-x\spine\spine\SlotData.h">
      <Filter>cocos2d-x\spine\spine</Filter>
    </ClInclude>
    <ClInclude Include="..\cocos2d-x\spine\spine\spine.h">
      <Filter>cocos2d-x\spine\spine</Filter>
    </ClInclude>
    <ClInclude Include="..\cocos2d-x\spine\spine\Animation.h">
      <Filter>cocos2d-x\spine\spine</Filter>
    </ClInclude>
    <ClInclude Include="..\cocos2d-x\spine\spine\AnimationState.h">
      <Filter>cocos2d-x\spine\spine</Filter>
    </ClInclude>
    <ClInclude Include="..\cocos2d-x\spine\spine-cocos2dx.h">
      <Filter>cocos2d-x\spine</Filter>
    </ClInclude>
    <ClInclude Include="..\cocos2d-x\spine\SkeletonAnimation.h">
      <Filter>cocos2d-x\spine</Filter>
    </ClInclude>
    <ClInclude Include="..\cocos2d-x\spine\PolygonBatch.h">
      <Filter>cocos2d-x\spine</Filter>
    </ClInclude>
    <ClInclude Include="..\cocos2d-x\imgui\imgui\imgui.h">
      <Filter>cocos2d-x\imgui\imgui</Filter>
    </ClInclude>
    <ClInclude Include="..\cocos2d-x\imgui\imgui\imgui_internal.h">
      <Filter>cocos2d-x\imgui\imgui</Filter>
    </ClInclude>
    <ClInclude Include="..\cocos2d-x\imgui\imgui\stb_rect_pack.h">
      <Filter>cocos2d-x\imgui\imgui</Filter>
    </ClInclude>
    <ClInclude Include="..\cocos2d-x\imgui\imgui\stb_textedit.h">
      <Filter>cocos2d-x\imgui\imgui</Filter>
    </ClInclude>
    <ClInclude Include="..\cocos2d-x\imgui\imgui\stb_truetype.h">
      <Filter>cocos2d-x\imgui\imgui</Filter>
    </ClInclude>
    <ClInclude Include="..\cocos2d-x\imgui\imgui\imconfig.h">
      <Filter>cocos2d-x\imgui\imgui</Filter>
    </ClInclude>
    <ClInclude Include="..\cocos2d-x\imgui\imgui_cocos2dx.h">
      <Filter>cocos2d-x\imgui</Filter>
    </ClInclude>
    <ClInclude Include="..\cocos2d-x\imgui\PlayerUI.h">
      <Filter>cocos2d-x\imgui</Filter>
    </ClInclude>
    <ClInclude Include="..\cocos2d-x\scripting\tolua\tolua++.h">
      <Filter>cocos2d-x\scripting\tolua</Filter>
    </ClInclude>
    <ClInclude Include="..\cocos2d-x\scripting\tolua\tolua_event.h">
      <Filter>cocos2d-x\scripting\tolua</Filter>
    </ClInclude>
    <ClInclude Include="..\cocos2d-x\scripting\lua\ldo.h">
      <Filter>cocos2d-x\scripting\lua</Filter>
    </ClInclude>
    <ClInclude Include="..\cocos2d-x\scripting\lua\lfunc.h">
      <Filter>cocos2d-x\scripting\lua</Filter>
    </ClInclude>
    <ClInclude Include="..\cocos2d-x\scripting\lua\lgc.h">
      <Filter>cocos2d-x\scripting\lua</Filter>
    </ClInclude>
    <ClInclude Include="..\cocos2d-x\scripting\lua\llex.h">
      <Filter>cocos2d-x\scripting\lua</Filter>
    </ClInclude>
    <ClInclude Include="..\cocos2d-x\scripting\lua\llimits.h">
      <Filter>cocos2d-x\scripting\lua</Filter>
    </ClInclude>
    <ClInclude Include="..\cocos2d-x\scripting\lua\lmem.h">
      <Filter>cocos2d-x\scripting\lua</Filter>
    </ClInclude>
    <ClInclude Include="..\cocos2d-x\scripting\lua\lobject.h">
      <Filter>cocos2d-x\scripting\lua</Filter>
    </ClInclude>
    <ClInclude Include="..\cocos2d-x\scripting\lua\lopcodes.h">
      <Filter>cocos2d-x\scripting\lua</Filter>
    </ClInclude>
    <ClInclude Include="..\cocos2d-x\scripting\lua\lparser.h">
      <Filter>cocos2d-x\scripting\lua</Filter>
    </ClInclude>
    <ClInclude Include="..\cocos2d-x\scripting\lua\lstate.h">
      <Filter>cocos2d-x\scripting\lua</Filter>
    </ClInclude>
    <ClInclude Include="..\cocos2d-x\scripting\lua\lstring.h">
      <Filter>cocos2d-x\scripting\lua</Filter>
    </ClInclude>
    <ClInclude Include="..\cocos2d-x\scripting\lua\ltable.h">
      <Filter>cocos2d-x\scripting\lua</Filter>
    </ClInclude>
    <ClInclude Include="..\cocos2d-x\scripting\lua\ltm.h">
      <Filter>cocos2d-x\scripting\lua</Filter>
    </ClInclude>
    <ClInclude Include="..\cocos2d-x\scripting\lua\lua.h">
      <Filter>cocos2d-x\scripting\lua</Filter>
    </ClInclude>
    <ClInclude Include="..\cocos2d-x\scripting\lua\luaconf.h">
      <Filter>cocos2d-x\scripting\lua</Filter>
    </ClInclude>
    <ClInclude Include="..\cocos2d-x\scripting\lua\lualib.h">
      <Filter>cocos2d-x\scripting\lua</Filter>
    </ClInclude>
    <ClInclude Include="..\cocos2d-x\scripting\lua\lundump.h">
      <Filter>cocos2d-x\scripting\lua</Filter>
    </ClInclude>
    <ClInclude Include="..\cocos2d-x\scripting\lua\lvm.h">
      <Filter>cocos2d-x\scripting\lua</Filter>
    </ClInclude>
    <ClInclude Include="..\cocos2d-x\scripting\lua\lzio.h">
      <Filter>cocos2d-x\scripting\lua</Filter>
    </ClInclude>
    <ClInclude Include="..\cocos2d-x\scripting\lua\lapi.h">
      <Filter>cocos2d-x\scripting\lua</Filter>
    </ClInclude>
    <ClInclude Include="..\cocos2d-x\scripting\lua\lauxlib.h">
      <Filter>cocos2d-x\scripting\lua</Filter>
    </ClInclude>
    <ClInclude Include="..\cocos2d-x\scripting\lua\lcode.h">
      <Filter>cocos2d-x\scripting\lua</Filter>
    </ClInclude>
    <ClInclude Include="..\cocos2d-x\scripting\lua\ldebug.h">
      <Filter>cocos2d-x\scripting\lua</Filter>
    </ClInclude>
    <ClInclude Include="..\cocos2d-x\scripting\lua_extensions\lua_extensions.h">
      <Filter>cocos2d-x\scripting\lua_extensions</Filter>
    </ClInclude>
    <ClInclude Include="..\cocos2d-x\scripting\lua_extensions\cjson\lua_cjson.h">
      <Filter>cocos2d-x\scripting\lua_extensions\cjson</Filter>
    </ClInclude>
    <ClInclude Include="..\cocos2d-x\scripting\lua_extensions\cjson\strbuf.h">
      <Filter>cocos2d-x\scripting\lua_extensions\cjson</Filter>
    </ClInclude>
    <ClInclude Include="..\cocos2d-x\scripting\lua_extensions\cjson\fpconv.h">
      <Filter>cocos2d-x\scripting\lua_extensions\cjson</Filter>
    </ClInclude>
    <ClInclude Include="..\cocos2d-x\scripting\lua_extensions\debugger\debugger.h">
      <Filter>cocos2d-x\scripting\lua_extensions\debugger</Filter>
    </ClInclude>
    <ClInclude Include="..\cocos2d-x\scripting\lua_extensions\filesystem\lfs.h">
      <Filter>cocos2d-x\scripting\lua_extensions\filesystem</Filter>
    </ClInclude>
    <ClInclude Include="..\cocos2d-x\scripting\lua_extensions\lpack\lpack.h">
      <Filter>cocos2d-x\scripting\lua_extensions\lpack</Filter>
    </ClInclude>
    <ClInclude Include="..\cocos2d-x\scripting\lua_extensions\lsqlite3\sqlite3.h">
      <Filter>cocos2d-x\scripting\lua_extensions\lsqlite3</Filter>
    </ClInclude>
    <ClInclude Include="..\cocos2d-x\scripting\lua_extensions\lsqlite3\lsqlite3.h">
      <Filter>cocos2d-x\scripting\lua_extensions\lsqlite3</Filter>
    </ClInclude>
    <ClInclude Include="..\cocos2d-x\scripting\lua_extensions\socket\luasocket_buffer.h">
      <Filter>cocos2d-x\scripting\lua_extensions\socket</Filter>
    </ClInclude>
    <ClInclude Include="..\cocos2d-x\scripting\lua_extensions\socket\luasocket_io.h">
      <Filter>cocos2d-x\scripting\lua_extensions\socket</Filter>
    </ClInclude>
    <ClInclude Include="..\cocos2d-x\scripting\lua_extensions\socket\mime.h">
      <Filter>cocos2d-x\scripting\lua_extensions\socket</Filter>
    </ClInclude>
    <ClInclude Include="..\cocos2d-x\scripting\lua_extensions\socket\options.h">
      <Filter>cocos2d-x\scripting\lua_extensions\socket</Filter>
    </ClInclude>
    <ClInclude Include="..\cocos2d-x\scripting\lua_extensions\socket\select.h">
      <Filter>cocos2d-x\scripting\lua_extensions\socket</Filter>
    </ClInclude>
    <ClInclude Include="..\cocos2d-x\scripting\lua_extensions\socket\socket.h">
      <Filter>cocos2d-x\scripting\lua_extensions\socket</Filter>
    </ClInclude>
    <ClInclude Include="..\cocos2d-x\scripting\lua_extensions\socket\socket_scripts.h">
      <Filter>cocos2d-x\scripting\lua_extensions\socket</Filter>
    </ClInclude>
    <ClInclude Include="..\cocos2d-x\scripting\lua_extensions\socket\tcp.h">
      <Filter>cocos2d-x\scripting\lua_extensions\socket</Filter>
    </ClInclude>
    <ClInclude Include="..\cocos2d-x\scripting\lua_extensions\socket\timeout.h">
      <Filter>cocos2d-x\scripting\lua_extensions\socket</Filter>
    </ClInclude>
    <ClInclude Include="..\cocos2d-x\scripting\lua_extensions\socket\udp.h">
      <Filter>cocos2d-x\scripting\lua_extensions\socket</Filter>
    </ClInclude>
    <ClInclude Include="..\cocos2d-x\scripting\lua_extensions\socket\wsocket.h">
      <Filter>cocos2d-x\scripting\lua_extensions\socket</Filter>
    </ClInclude>
    <ClInclude Include="..\cocos2d-x\scripting\lua_extensions\socket\auxiliar.h">
      <Filter>cocos2d-x\scripting\lua_extensions\socket</Filter>
    </ClInclude>
    <ClInclude Include="..\cocos2d-x\scripting\lua_extensions\socket\except.h">
      <Filter>cocos2d-x\scripting\lua_extensions\socket</Filter>
    </ClInclude>
    <ClInclude Include="..\cocos2d-x\scripting\lua_extensions\socket\inet.h">
      <Filter>cocos2d-x\scripting\lua_extensions\socket</Filter>
    </ClInclude>
    <ClInclude Include="..\cocos2d-x\scripting\lua_extensions\socket\luasocket.h">
      <Filter>cocos2d-x\scripting\lua_extensions\socket</Filter>
    </ClInclude>
    <ClInclude Include="..\cocos2d-x\scripting\lua_extensions\zlib\lua_zlib.h">
      <Filter>cocos2d-x\scripting\lua_extensions\zlib</Filter>
    </ClInclude>
    <ClInclude Include="..\cocos2d-x\network\CCHTTPRequest.h">
      <Filter>cocos2d-x\network</Filter>
    </ClInclude>
    <ClInclude Include="..\cocos2d-x\network\CCHTTPRequestDelegate.h">
      <Filter>cocos2d-x\network</Filter>
    </ClInclude>
    <ClInclude Include="..\cocos2d-x\network\CCNetwork.h">
      <Filter>cocos2d-x\network</Filter>
    </ClInclude>
    <ClInclude Include="..\cocos2d-x\ui\UIButton.h">
      <Filter>cocos2d-x\ui</Filter>
    </ClInclude>
    <ClInclude Include="..\cocos2d-x\ui\UICheckBox.h">
      <Filter>cocos2d-x\ui</Filter>
    </ClInclude>
    <ClInclude Include="..\cocos2d-x\ui\UIHelper.h">
      <Filter>cocos2d-x\ui</Filter>
    </ClInclude>
    <ClInclude Include="..\cocos2d-x\ui\UIImageView.h">
      <Filter>cocos2d-x\ui</Filter>
    </ClInclude>
    <ClInclude Include="..\cocos2d-x\ui\UILabel.h">
      <Filter>cocos2d-x\ui</Filter>
    </ClInclude>
    <ClInclude Include="..\cocos2d-x\ui\UILabelAtlas.h">
      <Filter>cocos2d-x\ui</Filter>
    </ClInclude>
    <ClInclude Include="..\cocos2d-x\ui\UILabelBMFont.h">
      <Filter>cocos2d-x\ui</Filter>
    </ClInclude>
    <ClInclude Include="..\cocos2d-x\ui\UILoadingBar.h">
      <Filter>cocos2d-x\ui</Filter>
    </ClInclude>
    <ClInclude Include="..\cocos2d-x\ui\UIRichText.h">
      <Filter>cocos2d-x\ui</Filter>
    </ClInclude>
    <ClInclude Include="..\cocos2d-x\ui\UISlider.h">
      <Filter>cocos2d-x\ui</Filter>
    </ClInclude>
    <ClInclude Include="..\cocos2d-x\ui\UITextField.h">
      <Filter>cocos2d-x\ui</Filter>
    </ClInclude>
    <ClInclude Include="..\cocos2d-x\ui\UITouchGroup.h">
      <Filter>cocos2d-x\ui</Filter>
    </ClInclude>
    <ClInclude Include="..\cocos2d-x\ui\UIWidget.h">
      <Filter>cocos2d-x\ui</Filter>
    </ClInclude>
    <ClInclude Include="..\cocos2d-x\ui\CocosGUI.h">
      <Filter>cocos2d-x\ui</Filter>
    </ClInclude>
    <ClInclude Include="..\cocos2d-x\ui\EditBox\CCEditBoxImplWin.h">
      <Filter>cocos2d-x\ui\EditBox</Filter>
    </ClInclude>
    <ClInclude Include="..\cocos2d-x\ui\EditBox\Win32InputBox.h">
      <Filter>cocos2d-x\ui\EditBox</Filter>
    </ClInclude>
    <ClInclude Include="..\cocos2d-x\ui\EditBox\CCEditBox.h">
      <Filter>cocos2d-x\ui\EditBox</Filter>
    </ClInclude>
    <ClInclude Include="..\cocos2d-x\ui\EditBox\CCEditBoxImpl.h">
      <Filter>cocos2d-x\ui\EditBox</Filter>
    </ClInclude>
    <ClInclude Include="..\cocos2d-x\ui\Layouts\UILayoutDefine.h">
      <Filter>cocos2d-x\ui\Layouts</Filter>
    </ClInclude>
    <ClInclude Include="..\cocos2d-x\ui\Layouts\UILayoutParameter.h">
      <Filter>cocos2d-x\ui\Layouts</Filter>
    </ClInclude>
    <ClInclude Include="..\cocos2d-x\ui\Layouts\UILayout.h">
      <Filter>cocos2d-x\ui\Layouts</Filter>
    </ClInclude>
    <ClInclude Include="..\cocos2d-x\ui\ScrollWidget\UIPageView.h">
      <Filter>cocos2d-x\ui\ScrollWidget</Filter>
    </ClInclude>
    <ClInclude Include="..\cocos2d-x\ui\ScrollWidget\UIScrollInterface.h">
      <Filter>cocos2d-x\ui\ScrollWidget</Filter>
    </ClInclude>
    <ClInclude Include="..\cocos2d-x\ui\ScrollWidget\UIScrollView.h">
      <Filter>cocos2d-x\ui\ScrollWidget</Filter>
    </ClInclude>
    <ClInclude Include="..\cocos2d-x\ui\ScrollWidget\UIListView.h">
      <Filter>cocos2d-x\ui\ScrollWidget</Filter>
    </ClInclude>
    <ClInclude Include="..\cocos2d-x\ui\webview\UIWebView.h">
      <Filter>cocos2d-x\ui\webview</Filter>
    </ClInclude>
    <ClInclude Include="..\cocos2d-x\ui\webview\UIWebView-inl.h">
      <Filter>cocos2d-x\ui\webview</Filter>
    </ClInclude>
    <ClInclude Include="..\cocos2d-x\audio\SimpleAudioEngine.h">
      <Filter>cocos2d-x\audio</Filter>
    </ClInclude>
    <ClInclude Include="..\cocos2d-x\audio\win32\MciPlayer.h">
      <Filter>cocos2d-x\audio</Filter>
    </ClInclude>
    <ClInclude Include="..\cocos2d-x\scripting\lua_cocos2dx_manual.h">
      <Filter>cocos2d-x\scripting</Filter>
    </ClInclude>
    <ClInclude Include="..\cocos2d-x\scripting\LuaCocos2d.h">
      <Filter>cocos2d-x\scripting</Filter>
    </ClInclude>
    <ClInclude Include="..\cocos2d-x\scripting\LuaCocoStudio.h">
      <Filter>cocos2d-x\scripting</Filter>
    </ClInclude>
    <ClInclude Include="..\cocos2d-x\scripting\LuaFunction.h">
      <Filter>cocos2d-x\scripting</Filter>
    </ClInclude>
    <ClInclude Include="..\cocos2d-x\scripting\LuaTable.h">
      <Filter>cocos2d-x\scripting</Filter>
    </ClInclude>
    <ClInclude Include="..\cocos2d-x\scripting\snapshot.h">
      <Filter>cocos2d-x\scripting</Filter>
    </ClInclude>
    <ClInclude Include="..\cocos2d-x\scripting\tolua_fix.h">
      <Filter>cocos2d-x\scripting</Filter>
    </ClInclude>
    <ClInclude Include="..\cocos2d-x\scripting\xxdefaultkey.h">
      <Filter>cocos2d-x\scripting</Filter>
    </ClInclude>
    <ClInclude Include="..\cocos2d-x\scripting\CCLuaBridge.h">
      <Filter>cocos2d-x\scripting</Filter>
    </ClInclude>
    <ClInclude Include="..\cocos2d-x\scripting\CCLuaEngine.h">
      <Filter>cocos2d-x\scripting</Filter>
    </ClInclude>
    <ClInclude Include="..\cocos2d-x\scripting\CCLuaStack.h">
      <Filter>cocos2d-x\scripting</Filter>
    </ClInclude>
    <ClInclude Include="..\cocos2d-x\scripting\CCLuaValue.h">
      <Filter>cocos2d-x\scripting</Filter>
    </ClInclude>
    <ClInclude Include="..\cocos2d-x\scripting\lua_cocos2dx_cocostudio_manual.h">
      <Filter>cocos2d-x\scripting</Filter>
    </ClInclude>
    <ClInclude Include="..\cocos2d-x\tilemap\CCParallaxNode.h">
      <Filter>cocos2d-x\tilemap</Filter>
    </ClInclude>
    <ClInclude Include="..\cocos2d-x\tilemap\CCTileMapAtlas.h">
      <Filter>cocos2d-x\tilemap</Filter>
    </ClInclude>
    <ClInclude Include="..\cocos2d-x\tilemap\CCTMXLayer.h">
      <Filter>cocos2d-x\tilemap</Filter>
    </ClInclude>
    <ClInclude Include="..\cocos2d-x\tilemap\CCTMXObjectGroup.h">
      <Filter>cocos2d-x\tilemap</Filter>
    </ClInclude>
    <ClInclude Include="..\cocos2d-x\tilemap\CCTMXTiledMap.h">
      <Filter>cocos2d-x\tilemap</Filter>
    </ClInclude>
    <ClInclude Include="..\cocos2d-x\tilemap\CCTMXXMLParser.h">
      <Filter>cocos2d-x\tilemap</Filter>
    </ClInclude>
    <ClInclude Include="..\cocos2d-x\particle\CCParticleSystem.h">
      <Filter>cocos2d-x\particle</Filter>
    </ClInclude>
    <ClInclude Include="..\cocos2d-x\particle\CCParticleSystemQuad.h">
      <Filter>cocos2d-x\particle</Filter>
    </ClInclude>
    <ClInclude Include="..\cocos2d-x\particle\firePngData.h">
      <Filter>cocos2d-x\particle</Filter>
    </ClInclude>
    <ClInclude Include="..\cocos2d-x\particle\CCParticleBatchNode.h">
      <Filter>cocos2d-x\particle</Filter>
    </ClInclude>
    <ClInclude Include="..\cocos2d-x\particle\CCParticleExamples.h">
      <Filter>cocos2d-x\particle</Filter>
    </ClInclude>
    <ClInclude Include="..\cocos2d-x\scripting\LuaEvent.h">
      <Filter>cocos2d-x\scripting</Filter>
    </ClInclude>
    <ClInclude Include="..\cocos2d-x\core\base\ID.h">
      <Filter>cocos2d-x\core\base</Filter>
    </ClInclude>
    <ClInclude Include="..\cocos2d-x\core\base\LinkedList.h">
      <Filter>cocos2d-x\core\base</Filter>
    </ClInclude>
    <ClInclude Include="..\cocos2d-x\core\base\MathDefs.h">
      <Filter>cocos2d-x\core\base</Filter>
    </ClInclude>
    <ClInclude Include="..\cocos2d-x\core\base\ProcessUtils.h">
      <Filter>cocos2d-x\core\base</Filter>
    </ClInclude>
    <ClInclude Include="..\cocos2d-x\core\base\Ptr.h">
      <Filter>cocos2d-x\core\base</Filter>
    </ClInclude>
    <ClInclude Include="..\cocos2d-x\core\base\RefCounted.h">
      <Filter>cocos2d-x\core\base</Filter>
    </ClInclude>
    <ClInclude Include="..\cocos2d-x\core\base\Variant.h">
      <Filter>cocos2d-x\core\base</Filter>
    </ClInclude>
    <ClInclude Include="..\cocos2d-x\core\base_nodes\CCAtlasNode.h">
      <Filter>cocos2d-x\core\base_nodes</Filter>
    </ClInclude>
    <ClInclude Include="..\cocos2d-x\core\base_nodes\CCGLBufferedNode.h">
      <Filter>cocos2d-x\core\base_nodes</Filter>
    </ClInclude>
    <ClInclude Include="..\cocos2d-x\core\base_nodes\CCNode.h">
      <Filter>cocos2d-x\core\base_nodes</Filter>
    </ClInclude>
    <ClInclude Include="..\cocos2d-x\core\cocoa\CCAffineTransform.h">
      <Filter>cocos2d-x\core\cocoa</Filter>
    </ClInclude>
    <ClInclude Include="..\cocos2d-x\core\cocoa\CCArray.h">
      <Filter>cocos2d-x\core\cocoa</Filter>
    </ClInclude>
    <ClInclude Include="..\cocos2d-x\core\cocoa\CCDictionary.h">
      <Filter>cocos2d-x\core\cocoa</Filter>
    </ClInclude>
    <ClInclude Include="..\cocos2d-x\core\cocoa\CCGeometry.h">
      <Filter>cocos2d-x\core\cocoa</Filter>
    </ClInclude>
    <ClInclude Include="..\cocos2d-x\core\cocoa\CCInteger.h">
      <Filter>cocos2d-x\core\cocoa</Filter>
    </ClInclude>
    <ClInclude Include="..\cocos2d-x\core\cocoa\CCPointArray.h">
      <Filter>cocos2d-x\core\cocoa</Filter>
    </ClInclude>
    <ClInclude Include="..\cocos2d-x\core\cocoa\CCScriptEventDispatcher.h">
      <Filter>cocos2d-x\core\cocoa</Filter>
    </ClInclude>
    <ClInclude Include="..\cocos2d-x\core\cocoa\CCSet.h">
      <Filter>cocos2d-x\core\cocoa</Filter>
    </ClInclude>
    <ClInclude Include="..\cocos2d-x\core\cocoa\CCString.h">
      <Filter>cocos2d-x\core\cocoa</Filter>
    </ClInclude>
    <ClInclude Include="..\cocos2d-x\core\crypto\CCCrypto.h">
      <Filter>cocos2d-x\core\crypto</Filter>
    </ClInclude>
    <ClInclude Include="..\cocos2d-x\core\crypto\libbase64.h">
      <Filter>cocos2d-x\core\crypto</Filter>
    </ClInclude>
    <ClInclude Include="..\cocos2d-x\core\crypto\md5.h">
      <Filter>cocos2d-x\core\crypto</Filter>
    </ClInclude>
    <ClInclude Include="..\cocos2d-x\core\crypto\xxtea.h">
      <Filter>cocos2d-x\core\crypto</Filter>
    </ClInclude>
    <ClInclude Include="..\cocos2d-x\core\draw_nodes\CCDrawingPrimitives.h">
      <Filter>cocos2d-x\core\draw_nodes</Filter>
    </ClInclude>
    <ClInclude Include="..\cocos2d-x\core\draw_nodes\CCDrawNode.h">
      <Filter>cocos2d-x\core\draw_nodes</Filter>
    </ClInclude>
    <ClInclude Include="..\cocos2d-x\core\draw_nodes\CCShapeNode.h">
      <Filter>cocos2d-x\core\draw_nodes</Filter>
    </ClInclude>
    <ClInclude Include="..\cocos2d-x\core\effects\CCGrabber.h">
      <Filter>cocos2d-x\core\effects</Filter>
    </ClInclude>
    <ClInclude Include="..\cocos2d-x\core\effects\CCGrid.h">
      <Filter>cocos2d-x\core\effects</Filter>
    </ClInclude>
    <ClInclude Include="..\cocos2d-x\core\IO\FileSystem.h">
      <Filter>cocos2d-x\core\IO</Filter>
    </ClInclude>
    <ClInclude Include="..\cocos2d-x\core\kazmath\include\kazmath\aabb.h">
      <Filter>cocos2d-x\core\kazmath</Filter>
    </ClInclude>
    <ClInclude Include="..\cocos2d-x\core\kazmath\include\kazmath\GL\mat4stack.h">
      <Filter>cocos2d-x\core\kazmath</Filter>
    </ClInclude>
    <ClInclude Include="..\cocos2d-x\core\kazmath\include\kazmath\GL\matrix.h">
      <Filter>cocos2d-x\core\kazmath</Filter>
    </ClInclude>
    <ClInclude Include="..\cocos2d-x\core\kazmath\include\kazmath\kazmath.h">
      <Filter>cocos2d-x\core\kazmath</Filter>
    </ClInclude>
    <ClInclude Include="..\cocos2d-x\core\kazmath\include\kazmath\mat3.h">
      <Filter>cocos2d-x\core\kazmath</Filter>
    </ClInclude>
    <ClInclude Include="..\cocos2d-x\core\kazmath\include\kazmath\mat4.h">
      <Filter>cocos2d-x\core\kazmath</Filter>
    </ClInclude>
    <ClInclude Include="..\cocos2d-x\core\kazmath\include\kazmath\neon_matrix_impl.h">
      <Filter>cocos2d-x\core\kazmath</Filter>
    </ClInclude>
    <ClInclude Include="..\cocos2d-x\core\kazmath\include\kazmath\plane.h">
      <Filter>cocos2d-x\core\kazmath</Filter>
    </ClInclude>
    <ClInclude Include="..\cocos2d-x\core\kazmath\include\kazmath\quaternion.h">
      <Filter>cocos2d-x\core\kazmath</Filter>
    </ClInclude>
    <ClInclude Include="..\cocos2d-x\core\kazmath\include\kazmath\ray2.h">
      <Filter>cocos2d-x\core\kazmath</Filter>
    </ClInclude>
    <ClInclude Include="..\cocos2d-x\core\kazmath\include\kazmath\utility.h">
      <Filter>cocos2d-x\core\kazmath</Filter>
    </ClInclude>
    <ClInclude Include="..\cocos2d-x\core\kazmath\include\kazmath\vec2.h">
      <Filter>cocos2d-x\core\kazmath</Filter>
    </ClInclude>
    <ClInclude Include="..\cocos2d-x\core\kazmath\include\kazmath\vec3.h">
      <Filter>cocos2d-x\core\kazmath</Filter>
    </ClInclude>
    <ClInclude Include="..\cocos2d-x\core\kazmath\include\kazmath\vec4.h">
      <Filter>cocos2d-x\core\kazmath</Filter>
    </ClInclude>
    <ClInclude Include="..\cocos2d-x\core\label_nodes\CCLabelAtlas.h">
      <Filter>cocos2d-x\core\label_nodes</Filter>
    </ClInclude>
    <ClInclude Include="..\cocos2d-x\core\label_nodes\CCLabelBMFont.h">
      <Filter>cocos2d-x\core\label_nodes</Filter>
    </ClInclude>
    <ClInclude Include="..\cocos2d-x\core\label_nodes\CCLabelTTF.h">
      <Filter>cocos2d-x\core\label_nodes</Filter>
    </ClInclude>
    <ClInclude Include="..\cocos2d-x\core\layers_scenes_transitions_nodes\CCLayer.h">
      <Filter>cocos2d-x\core\layers_scenes_transitions_nodes</Filter>
    </ClInclude>
    <ClInclude Include="..\cocos2d-x\core\layers_scenes_transitions_nodes\CCScene.h">
      <Filter>cocos2d-x\core\layers_scenes_transitions_nodes</Filter>
    </ClInclude>
    <ClInclude Include="..\cocos2d-x\core\layers_scenes_transitions_nodes\CCTransition.h">
      <Filter>cocos2d-x\core\layers_scenes_transitions_nodes</Filter>
    </ClInclude>
    <ClInclude Include="..\cocos2d-x\core\layers_scenes_transitions_nodes\CCTransitionPageTurn.h">
      <Filter>cocos2d-x\core\layers_scenes_transitions_nodes</Filter>
    </ClInclude>
    <ClInclude Include="..\cocos2d-x\core\layers_scenes_transitions_nodes\CCTransitionProgress.h">
      <Filter>cocos2d-x\core\layers_scenes_transitions_nodes</Filter>
    </ClInclude>
    <ClInclude Include="..\cocos2d-x\core\platform\CCAccelerometerDelegate.h">
      <Filter>cocos2d-x\core\platform</Filter>
    </ClInclude>
    <ClInclude Include="..\cocos2d-x\core\platform\CCAlertViewDelegate.h">
      <Filter>cocos2d-x\core\platform</Filter>
    </ClInclude>
    <ClInclude Include="..\cocos2d-x\core\platform\CCApplicationProtocol.h">
      <Filter>cocos2d-x\core\platform</Filter>
    </ClInclude>
    <ClInclude Include="..\cocos2d-x\core\platform\CCDevice.h">
      <Filter>cocos2d-x\core\platform</Filter>
    </ClInclude>
    <ClInclude Include="..\cocos2d-x\core\platform\CCEGLViewProtocol.h">
      <Filter>cocos2d-x\core\platform</Filter>
    </ClInclude>
    <ClInclude Include="..\cocos2d-x\core\platform\CCImage.h">
      <Filter>cocos2d-x\core\platform</Filter>
    </ClInclude>
    <ClInclude Include="..\cocos2d-x\core\platform\CCImageCommon_cpp.h">
      <Filter>cocos2d-x\core\platform</Filter>
    </ClInclude>
    <ClInclude Include="..\cocos2d-x\core\platform\CCPlatformConfig.h">
      <Filter>cocos2d-x\core\platform</Filter>
    </ClInclude>
    <ClInclude Include="..\cocos2d-x\core\platform\CCPlatformMacros.h">
      <Filter>cocos2d-x\core\platform</Filter>
    </ClInclude>
    <ClInclude Include="..\cocos2d-x\core\platform\CCSAXParser.h">
      <Filter>cocos2d-x\core\platform</Filter>
    </ClInclude>
    <ClInclude Include="..\cocos2d-x\core\platform\CCStdC.h">
      <Filter>cocos2d-x\core\platform</Filter>
    </ClInclude>
    <ClInclude Include="..\cocos2d-x\core\platform\CCThread.h">
      <Filter>cocos2d-x\core\platform</Filter>
    </ClInclude>
    <ClInclude Include="..\cocos2d-x\core\platform\CCZipFile.h">
      <Filter>cocos2d-x\core\platform</Filter>
    </ClInclude>
    <ClInclude Include="..\cocos2d-x\core\platform\platform.h">
      <Filter>cocos2d-x\core\platform</Filter>
    </ClInclude>
    <ClInclude Include="..\cocos2d-x\core\platform\win32\CCAccelerometer.h">
      <Filter>cocos2d-x\core\platform\win32</Filter>
    </ClInclude>
    <ClInclude Include="..\cocos2d-x\core\platform\win32\CCApplication.h">
      <Filter>cocos2d-x\core\platform\win32</Filter>
    </ClInclude>
    <ClInclude Include="..\cocos2d-x\core\platform\win32\CCEGLView.h">
      <Filter>cocos2d-x\core\platform\win32</Filter>
    </ClInclude>
    <ClInclude Include="..\cocos2d-x\core\platform\win32\CCGL.h">
      <Filter>cocos2d-x\core\platform\win32</Filter>
    </ClInclude>
    <ClInclude Include="..\cocos2d-x\core\platform\win32\CCPlatformDefine.h">
      <Filter>cocos2d-x\core\platform\win32</Filter>
    </ClInclude>
    <ClInclude Include="..\cocos2d-x\core\platform\win32\compat\stdint.h">
      <Filter>cocos2d-x\core\platform\win32</Filter>
    </ClInclude>
    <ClInclude Include="..\cocos2d-x\core\script_support\CCScriptSupport.h">
      <Filter>cocos2d-x\core\script_support</Filter>
    </ClInclude>
    <ClInclude Include="..\cocos2d-x\core\misc_nodes\CCClippingNode.h">
      <Filter>cocos2d-x\core\misc_nodes</Filter>
    </ClInclude>
    <ClInclude Include="..\cocos2d-x\core\misc_nodes\CCClippingRegionNode.h">
      <Filter>cocos2d-x\core\misc_nodes</Filter>
    </ClInclude>
    <ClInclude Include="..\cocos2d-x\core\misc_nodes\CCProgressTimer.h">
      <Filter>cocos2d-x\core\misc_nodes</Filter>
    </ClInclude>
    <ClInclude Include="..\cocos2d-x\core\misc_nodes\CCRenderTexture.h">
      <Filter>cocos2d-x\core\misc_nodes</Filter>
    </ClInclude>
    <ClInclude Include="..\cocos2d-x\core\shaders\CCGLProgram.h">
      <Filter>cocos2d-x\core\shaders</Filter>
    </ClInclude>
    <ClInclude Include="..\cocos2d-x\core\shaders\ccGLStateCache.h">
      <Filter>cocos2d-x\core\shaders</Filter>
    </ClInclude>
    <ClInclude Include="..\cocos2d-x\core\shaders\CCShaderCache.h">
      <Filter>cocos2d-x\core\shaders</Filter>
    </ClInclude>
    <ClInclude Include="..\cocos2d-x\core\shaders\ccShader_PositionColorLengthTexture_frag.h">
      <Filter>cocos2d-x\core\shaders</Filter>
    </ClInclude>
    <ClInclude Include="..\cocos2d-x\core\shaders\ccShader_PositionColorLengthTexture_vert.h">
      <Filter>cocos2d-x\core\shaders</Filter>
    </ClInclude>
    <ClInclude Include="..\cocos2d-x\core\shaders\ccShader_PositionColor_frag.h">
      <Filter>cocos2d-x\core\shaders</Filter>
    </ClInclude>
    <ClInclude Include="..\cocos2d-x\core\shaders\ccShader_PositionColor_vert.h">
      <Filter>cocos2d-x\core\shaders</Filter>
    </ClInclude>
    <ClInclude Include="..\cocos2d-x\core\shaders\ccShader_PositionTextureA8Color_frag.h">
      <Filter>cocos2d-x\core\shaders</Filter>
    </ClInclude>
    <ClInclude Include="..\cocos2d-x\core\shaders\ccShader_PositionTextureA8Color_vert.h">
      <Filter>cocos2d-x\core\shaders</Filter>
    </ClInclude>
    <ClInclude Include="..\cocos2d-x\core\shaders\ccShader_PositionTextureColorAlphaTest_frag.h">
      <Filter>cocos2d-x\core\shaders</Filter>
    </ClInclude>
    <ClInclude Include="..\cocos2d-x\core\shaders\ccShader_PositionTextureColor_frag.h">
      <Filter>cocos2d-x\core\shaders</Filter>
    </ClInclude>
    <ClInclude Include="..\cocos2d-x\core\shaders\ccShader_PositionTextureColor_vert.h">
      <Filter>cocos2d-x\core\shaders</Filter>
    </ClInclude>
    <ClInclude Include="..\cocos2d-x\core\shaders\ccShader_PositionTextureGray_frag.h">
      <Filter>cocos2d-x\core\shaders</Filter>
    </ClInclude>
    <ClInclude Include="..\cocos2d-x\core\shaders\ccShader_PositionTexture_frag.h">
      <Filter>cocos2d-x\core\shaders</Filter>
    </ClInclude>
    <ClInclude Include="..\cocos2d-x\core\shaders\ccShader_PositionTexture_uColor_frag.h">
      <Filter>cocos2d-x\core\shaders</Filter>
    </ClInclude>
    <ClInclude Include="..\cocos2d-x\core\shaders\ccShader_PositionTexture_uColor_vert.h">
      <Filter>cocos2d-x\core\shaders</Filter>
    </ClInclude>
    <ClInclude Include="..\cocos2d-x\core\shaders\ccShader_PositionTexture_vert.h">
      <Filter>cocos2d-x\core\shaders</Filter>
    </ClInclude>
    <ClInclude Include="..\cocos2d-x\core\shaders\ccShader_Position_uColor_frag.h">
      <Filter>cocos2d-x\core\shaders</Filter>
    </ClInclude>
    <ClInclude Include="..\cocos2d-x\core\shaders\ccShader_Position_uColor_vert.h">
      <Filter>cocos2d-x\core\shaders</Filter>
    </ClInclude>
    <ClInclude Include="..\cocos2d-x\core\sprite_nodes\CCAnimation.h">
      <Filter>cocos2d-x\core\sprite_nodes</Filter>
    </ClInclude>
    <ClInclude Include="..\cocos2d-x\core\sprite_nodes\CCAnimationCache.h">
      <Filter>cocos2d-x\core\sprite_nodes</Filter>
    </ClInclude>
    <ClInclude Include="..\cocos2d-x\core\sprite_nodes\CCScale9Sprite.h">
      <Filter>cocos2d-x\core\sprite_nodes</Filter>
    </ClInclude>
    <ClInclude Include="..\cocos2d-x\core\sprite_nodes\CCSprite.h">
      <Filter>cocos2d-x\core\sprite_nodes</Filter>
    </ClInclude>
    <ClInclude Include="..\cocos2d-x\core\sprite_nodes\CCSpriteBatchNode.h">
      <Filter>cocos2d-x\core\sprite_nodes</Filter>
    </ClInclude>
    <ClInclude Include="..\cocos2d-x\core\sprite_nodes\CCSpriteFrame.h">
      <Filter>cocos2d-x\core\sprite_nodes</Filter>
    </ClInclude>
    <ClInclude Include="..\cocos2d-x\core\sprite_nodes\CCSpriteFrameCache.h">
      <Filter>cocos2d-x\core\sprite_nodes</Filter>
    </ClInclude>
    <ClInclude Include="..\cocos2d-x\core\textures\CCTexture2D.h">
      <Filter>cocos2d-x\core\textures</Filter>
    </ClInclude>
    <ClInclude Include="..\cocos2d-x\core\textures\CCTextureAtlas.h">
      <Filter>cocos2d-x\core\textures</Filter>
    </ClInclude>
    <ClInclude Include="..\cocos2d-x\core\textures\CCTextureCache.h">
      <Filter>cocos2d-x\core\textures</Filter>
    </ClInclude>
    <ClInclude Include="..\cocos2d-x\core\textures\CCTextureETC.h">
      <Filter>cocos2d-x\core\textures</Filter>
    </ClInclude>
    <ClInclude Include="..\cocos2d-x\core\textures\CCTexturePVR.h">
      <Filter>cocos2d-x\core\textures</Filter>
    </ClInclude>
    <ClInclude Include="..\cocos2d-x\core\touch_dispatcher\CCTouch.h">
      <Filter>cocos2d-x\core\touch_dispatcher</Filter>
    </ClInclude>
    <ClInclude Include="..\cocos2d-x\core\touch_dispatcher\CCTouchDelegateProtocol.h">
      <Filter>cocos2d-x\core\touch_dispatcher</Filter>
    </ClInclude>
    <ClInclude Include="..\cocos2d-x\core\touch_dispatcher\CCTouchDispatcher.h">
      <Filter>cocos2d-x\core\touch_dispatcher</Filter>
    </ClInclude>
    <ClInclude Include="..\cocos2d-x\core\touch_dispatcher\CCTouchHandler.h">
      <Filter>cocos2d-x\core\touch_dispatcher</Filter>
    </ClInclude>
    <ClInclude Include="..\cocos2d-x\core\touch_dispatcher\CCTouchTargetNode.h">
      <Filter>cocos2d-x\core\touch_dispatcher</Filter>
    </ClInclude>
    <ClInclude Include="..\cocos2d-x\core\CCCamera.h">
      <Filter>cocos2d-x\core</Filter>
    </ClInclude>
    <ClInclude Include="..\cocos2d-x\core\ccConfig.h">
      <Filter>cocos2d-x\core</Filter>
    </ClInclude>
    <ClInclude Include="..\cocos2d-x\core\CCConfiguration.h">
      <Filter>cocos2d-x\core</Filter>
    </ClInclude>
    <ClInclude Include="..\cocos2d-x\core\ccFPSImages.h">
      <Filter>cocos2d-x\core</Filter>
    </ClInclude>
    <ClInclude Include="..\cocos2d-x\core\ccMacros.h">
      <Filter>cocos2d-x\core</Filter>
    </ClInclude>
    <ClInclude Include="..\cocos2d-x\core\CCScheduler.h">
      <Filter>cocos2d-x\core</Filter>
    </ClInclude>
    <ClInclude Include="..\cocos2d-x\core\ccTypes.h">
      <Filter>cocos2d-x\core</Filter>
    </ClInclude>
    <ClInclude Include="..\cocos2d-x\core\cocos2d.h">
      <Filter>cocos2d-x\core</Filter>
    </ClInclude>
    <ClInclude Include="..\cocos2d-x\core\support\CCNotificationCenter.h">
      <Filter>cocos2d-x\core\support</Filter>
    </ClInclude>
    <ClInclude Include="..\cocos2d-x\core\support\CCPointExtension.h">
      <Filter>cocos2d-x\core\support</Filter>
    </ClInclude>
    <ClInclude Include="..\cocos2d-x\core\support\CCProfiling.h">
      <Filter>cocos2d-x\core\support</Filter>
    </ClInclude>
    <ClInclude Include="..\cocos2d-x\core\support\ccUTF8.h">
      <Filter>cocos2d-x\core\support</Filter>
    </ClInclude>
    <ClInclude Include="..\cocos2d-x\core\support\CCVertex.h">
      <Filter>cocos2d-x\core\support</Filter>
    </ClInclude>
    <ClInclude Include="..\cocos2d-x\core\support\TransformUtils.h">
      <Filter>cocos2d-x\core\support</Filter>
    </ClInclude>
    <ClInclude Include="..\cocos2d-x\core\support\component\CCComponent.h">
      <Filter>cocos2d-x\core\support\component</Filter>
    </ClInclude>
    <ClInclude Include="..\cocos2d-x\core\support\component\CCComponentContainer.h">
      <Filter>cocos2d-x\core\support\component</Filter>
    </ClInclude>
    <ClInclude Include="..\cocos2d-x\core\support\data_support\ccCArray.h">
      <Filter>cocos2d-x\core\support\data_support</Filter>
    </ClInclude>
    <ClInclude Include="..\cocos2d-x\core\support\data_support\uthash.h">
      <Filter>cocos2d-x\core\support\data_support</Filter>
    </ClInclude>
    <ClInclude Include="..\cocos2d-x\core\support\data_support\utlist.h">
      <Filter>cocos2d-x\core\support\data_support</Filter>
    </ClInclude>
    <ClInclude Include="..\cocos2d-x\core\support\image_support\TGAlib.h">
      <Filter>cocos2d-x\core\support\image_support</Filter>
    </ClInclude>
    <ClInclude Include="..\cocos2d-x\core\support\tinyxml2\tinyxml2.h">
      <Filter>cocos2d-x\core\support\tinyxml2</Filter>
    </ClInclude>
    <ClInclude Include="..\cocos2d-x\core\support\user_default\CCUserDefault.h">
      <Filter>cocos2d-x\core\support\user_default</Filter>
    </ClInclude>
    <ClInclude Include="..\cocos2d-x\core\support\zip_support\ioapi.h">
      <Filter>cocos2d-x\core\support\zip_support</Filter>
    </ClInclude>
    <ClInclude Include="..\cocos2d-x\core\support\zip_support\ioapi_mem.h">
      <Filter>cocos2d-x\core\support\zip_support</Filter>
    </ClInclude>
    <ClInclude Include="..\cocos2d-x\core\support\zip_support\unzip.h">
      <Filter>cocos2d-x\core\support\zip_support</Filter>
    </ClInclude>
    <ClInclude Include="..\cocos2d-x\core\support\zip_support\ZipUtils.h">
      <Filter>cocos2d-x\core\support\zip_support</Filter>
    </ClInclude>
    <ClInclude Include="..\cocos2d-x\actions\CCActionFiniteTime.h">
      <Filter>cocos2d-x\actions</Filter>
    </ClInclude>
    <ClInclude Include="..\cocos2d-x\actions\CCActionGrid.h">
      <Filter>cocos2d-x\actions</Filter>
    </ClInclude>
    <ClInclude Include="..\cocos2d-x\actions\CCActionGrid3D.h">
      <Filter>cocos2d-x\actions</Filter>
    </ClInclude>
    <ClInclude Include="..\cocos2d-x\actions\CCActionInstant.h">
      <Filter>cocos2d-x\actions</Filter>
    </ClInclude>
    <ClInclude Include="..\cocos2d-x\actions\CCActionInterval.h">
      <Filter>cocos2d-x\actions</Filter>
    </ClInclude>
    <ClInclude Include="..\cocos2d-x\actions\CCActionManager.h">
      <Filter>cocos2d-x\actions</Filter>
    </ClInclude>
    <ClInclude Include="..\cocos2d-x\actions\CCActionPageTurn3D.h">
      <Filter>cocos2d-x\actions</Filter>
    </ClInclude>
    <ClInclude Include="..\cocos2d-x\actions\CCActionProgressTimer.h">
      <Filter>cocos2d-x\actions</Filter>
    </ClInclude>
    <ClInclude Include="..\cocos2d-x\actions\CCActionTiledGrid.h">
      <Filter>cocos2d-x\actions</Filter>
    </ClInclude>
    <ClInclude Include="..\cocos2d-x\actions\CCActionTween.h">
      <Filter>cocos2d-x\actions</Filter>
    </ClInclude>
    <ClInclude Include="..\cocos2d-x\actions\CCAction.h">
      <Filter>cocos2d-x\actions</Filter>
    </ClInclude>
    <ClInclude Include="..\cocos2d-x\actions\CCActionCamera.h">
      <Filter>cocos2d-x\actions</Filter>
    </ClInclude>
    <ClInclude Include="..\cocos2d-x\actions\CCActionCatmullRom.h">
      <Filter>cocos2d-x\actions</Filter>
    </ClInclude>
    <ClInclude Include="..\cocos2d-x\actions\CCActionEase.h">
      <Filter>cocos2d-x\actions</Filter>
    </ClInclude>
    <ClInclude Include="..\cocos2d-x\core\text_input_node\CCIMEDelegate.h">
      <Filter>cocos2d-x\core\text_input_node</Filter>
    </ClInclude>
    <ClInclude Include="..\cocos2d-x\core\text_input_node\CCIMEDispatcher.h">
      <Filter>cocos2d-x\core\text_input_node</Filter>
    </ClInclude>
    <ClInclude Include="..\cocos2d-x\core\text_input_node\CCTextFieldTTF.h">
      <Filter>cocos2d-x\core\text_input_node</Filter>
    </ClInclude>
    <ClInclude Include="..\cocos2d-x\scripting\Cocos2dxLuaLoader.h">
      <Filter>cocos2d-x\scripting</Filter>
    </ClInclude>
    <ClInclude Include="..\cocos2d-x\core\platform\CCInput.h">
      <Filter>cocos2d-x\core\platform</Filter>
    </ClInclude>
    <ClInclude Include="..\cocos2d-x\core\cocoa\CCAutoreleasePool.h">
      <Filter>cocos2d-x\core\cocoa</Filter>
    </ClInclude>
    <ClInclude Include="..\cocos2d-x\core\shaders\CCMaterial.h">
      <Filter>cocos2d-x\core\shaders</Filter>
    </ClInclude>
    <ClInclude Include="..\cocos2d-x\core\engine\CCEventImpl.h">
      <Filter>cocos2d-x\core\engine</Filter>
    </ClInclude>
    <ClInclude Include="..\cocos2d-x\core\engine\CCEngineEvents.h">
      <Filter>cocos2d-x\core\engine</Filter>
    </ClInclude>
    <ClInclude Include="..\cocos2d-x\core\engine\CCDirector.h">
      <Filter>cocos2d-x\core\engine</Filter>
    </ClInclude>
    <ClInclude Include="..\cocos2d-x\core\engine\CCObject.h">
      <Filter>cocos2d-x\core\engine</Filter>
    </ClInclude>
    <ClInclude Include="..\cocos2d-x\core\engine\SubSystem.h">
      <Filter>cocos2d-x\core\engine</Filter>
    </ClInclude>
    <ClInclude Include="..\cocos2d-x\spine\SpineEvents.h">
      <Filter>cocos2d-x\spine</Filter>
    </ClInclude>
    <ClInclude Include="..\cocos2d-x\core\engine\CCResourceCache.h">
      <Filter>cocos2d-x\core\engine</Filter>
    </ClInclude>
    <ClInclude Include="..\cocos2d-x\core\engine\CCModule.h">
      <Filter>cocos2d-x\core\engine</Filter>
    </ClInclude>
  </ItemGroup>
  <ItemGroup>
    <None Include="..\cocos2d-x\imgui\imgui\LICENSE">
      <Filter>cocos2d-x\imgui\imgui</Filter>
    </None>
    <None Include="..\cocos2d-x\imgui\imgui\README.md">
      <Filter>cocos2d-x\imgui\imgui</Filter>
    </None>
  </ItemGroup>
</Project>